// !$*UTF8*$!
{
	archiveVersion = 1;
	classes = {
	};
	objectVersion = 50;
	objects = {

/* Begin PBXBuildFile section */
		4004D27621A837EB0036426D /* OperationQueueWorker.swift in Sources */ = {isa = PBXBuildFile; fileRef = 4004D27521A837EB0036426D /* OperationQueueWorker.swift */; };
		40258CA72175C406008EE920 /* Subscription.swift in Sources */ = {isa = PBXBuildFile; fileRef = 40258CA62175C406008EE920 /* Subscription.swift */; };
		40258CA92175C40F008EE920 /* Signal.swift in Sources */ = {isa = PBXBuildFile; fileRef = 40258CA82175C40F008EE920 /* Signal.swift */; };
		40258CAB2175C44C008EE920 /* SubscriptionCollector.swift in Sources */ = {isa = PBXBuildFile; fileRef = 40258CAA2175C44C008EE920 /* SubscriptionCollector.swift */; };
		40258CAD2175C60C008EE920 /* SignalForwarder.swift in Sources */ = {isa = PBXBuildFile; fileRef = 40258CAC2175C60C008EE920 /* SignalForwarder.swift */; };
		40258CAF2175C64F008EE920 /* SignalMapper.swift in Sources */ = {isa = PBXBuildFile; fileRef = 40258CAE2175C64F008EE920 /* SignalMapper.swift */; };
		40258CB12175C6E5008EE920 /* SignalFlatMapper.swift in Sources */ = {isa = PBXBuildFile; fileRef = 40258CB02175C6E5008EE920 /* SignalFlatMapper.swift */; };
		40258CB32175C7CE008EE920 /* SignalScheduler.swift in Sources */ = {isa = PBXBuildFile; fileRef = 40258CB22175C7CE008EE920 /* SignalScheduler.swift */; };
		40258CB52175C814008EE920 /* Emitter.swift in Sources */ = {isa = PBXBuildFile; fileRef = 40258CB42175C814008EE920 /* Emitter.swift */; };
		40258CB72175CE79008EE920 /* SignalTests.swift in Sources */ = {isa = PBXBuildFile; fileRef = 40258CB62175CE79008EE920 /* SignalTests.swift */; };
		404B9499215A351100640928 /* Futura.framework in Frameworks */ = {isa = PBXBuildFile; fileRef = 404B948F215A351100640928 /* Futura.framework */; };
		404B949E215A351100640928 /* FuturaTests.swift in Sources */ = {isa = PBXBuildFile; fileRef = 404B949D215A351100640928 /* FuturaTests.swift */; };
		404B94AA215A352D00640928 /* RecursiveLock.swift in Sources */ = {isa = PBXBuildFile; fileRef = 404B94A9215A352D00640928 /* RecursiveLock.swift */; };
		404B94AC215A354000640928 /* Result.swift in Sources */ = {isa = PBXBuildFile; fileRef = 404B94AB215A354000640928 /* Result.swift */; };
		404B94B0215A356B00640928 /* Future.swift in Sources */ = {isa = PBXBuildFile; fileRef = 404B94AF215A356B00640928 /* Future.swift */; };
		404B94B2215A358900640928 /* ExecutionContext.swift in Sources */ = {isa = PBXBuildFile; fileRef = 404B94B1215A358900640928 /* ExecutionContext.swift */; };
		404B94B4215A35AF00640928 /* Worker.swift in Sources */ = {isa = PBXBuildFile; fileRef = 404B94B3215A35AF00640928 /* Worker.swift */; };
		404B94B6215A35C700640928 /* DispatchQueueWorker.swift in Sources */ = {isa = PBXBuildFile; fileRef = 404B94B5215A35C700640928 /* DispatchQueueWorker.swift */; };
		404B94B8215A35E700640928 /* Promise.swift in Sources */ = {isa = PBXBuildFile; fileRef = 404B94B7215A35E700640928 /* Promise.swift */; };
		404B94BA215A364100640928 /* RecursiveLockTests.swift in Sources */ = {isa = PBXBuildFile; fileRef = 404B94B9215A364100640928 /* RecursiveLockTests.swift */; };
		404B94BC215A365100640928 /* PromiseAndFutureTests.swift in Sources */ = {isa = PBXBuildFile; fileRef = 404B94BB215A365100640928 /* PromiseAndFutureTests.swift */; };
		404B94C0215A5CC600640928 /* WorkerTests.swift in Sources */ = {isa = PBXBuildFile; fileRef = 404B94BF215A5CC600640928 /* WorkerTests.swift */; };
		405716CA217077EE00C79BE5 /* FuturaPerformanceTests.swift in Sources */ = {isa = PBXBuildFile; fileRef = 405716C9217077EE00C79BE5 /* FuturaPerformanceTests.swift */; };
		405716CC217077EE00C79BE5 /* Futura.framework in Frameworks */ = {isa = PBXBuildFile; fileRef = 404B948F215A351100640928 /* Futura.framework */; };
		40750C50217A3FFC00067852 /* SignalFilter.swift in Sources */ = {isa = PBXBuildFile; fileRef = 40750C4F217A3FFC00067852 /* SignalFilter.swift */; };
		40750C52217A423B00067852 /* StreamWorkLog.swift in Sources */ = {isa = PBXBuildFile; fileRef = 40750C51217A423B00067852 /* StreamWorkLog.swift */; };
		4075C52421624F8100B40806 /* TestWorker.swift in Sources */ = {isa = PBXBuildFile; fileRef = 4075C52321624F8100B40806 /* TestWorker.swift */; };
		407AA544216E174F0030C433 /* Mutex.swift in Sources */ = {isa = PBXBuildFile; fileRef = 407AA543216E174F0030C433 /* Mutex.swift */; };
		409EB72C21E0CA50003814F8 /* DebugMode.swift in Sources */ = {isa = PBXBuildFile; fileRef = 409EB72B21E0CA50003814F8 /* DebugMode.swift */; };
		409EB73021E0CACD003814F8 /* FuturaDebug.swift in Sources */ = {isa = PBXBuildFile; fileRef = 409EB72F21E0CACD003814F8 /* FuturaDebug.swift */; };
		409EB73221E0D00B003814F8 /* Future+Handlers.swift in Sources */ = {isa = PBXBuildFile; fileRef = 409EB73121E0D00B003814F8 /* Future+Handlers.swift */; };
		409EB73421E0D01A003814F8 /* Future+Transformations.swift in Sources */ = {isa = PBXBuildFile; fileRef = 409EB73321E0D01A003814F8 /* Future+Transformations.swift */; };
		409EB73621E0D026003814F8 /* Future+Zip.swift in Sources */ = {isa = PBXBuildFile; fileRef = 409EB73521E0D026003814F8 /* Future+Zip.swift */; };
		409EB73821E0D45E003814F8 /* Future+Debug.swift in Sources */ = {isa = PBXBuildFile; fileRef = 409EB73721E0D45E003814F8 /* Future+Debug.swift */; };
		409EB73A21E0E721003814F8 /* Signal+Debug.swift in Sources */ = {isa = PBXBuildFile; fileRef = 409EB73921E0E721003814F8 /* Signal+Debug.swift */; };
		409EB73C21E0E8F3003814F8 /* Signal+Handlers.swift in Sources */ = {isa = PBXBuildFile; fileRef = 409EB73B21E0E8F3003814F8 /* Signal+Handlers.swift */; };
		40AFB89C216B72BC00ABB5BB /* FutureZipTests.swift in Sources */ = {isa = PBXBuildFile; fileRef = 40AFB89B216B72BC00ABB5BB /* FutureZipTests.swift */; };
		40DB891D21A98CCA001B8CE7 /* FutureWorkLog.swift in Sources */ = {isa = PBXBuildFile; fileRef = 408B60FB2163630300C1A948 /* FutureWorkLog.swift */; };
/* End PBXBuildFile section */

/* Begin PBXContainerItemProxy section */
		404B949A215A351100640928 /* PBXContainerItemProxy */ = {
			isa = PBXContainerItemProxy;
			containerPortal = 404B9486215A351100640928 /* Project object */;
			proxyType = 1;
			remoteGlobalIDString = 404B948E215A351100640928;
			remoteInfo = Futura;
		};
		405716CD217077EE00C79BE5 /* PBXContainerItemProxy */ = {
			isa = PBXContainerItemProxy;
			containerPortal = 404B9486215A351100640928 /* Project object */;
			proxyType = 1;
			remoteGlobalIDString = 404B948E215A351100640928;
			remoteInfo = Futura;
		};
/* End PBXContainerItemProxy section */

/* Begin PBXFileReference section */
		4004D27521A837EB0036426D /* OperationQueueWorker.swift */ = {isa = PBXFileReference; lastKnownFileType = sourcecode.swift; path = OperationQueueWorker.swift; sourceTree = "<group>"; };
		40258CA62175C406008EE920 /* Subscription.swift */ = {isa = PBXFileReference; lastKnownFileType = sourcecode.swift; path = Subscription.swift; sourceTree = "<group>"; };
		40258CA82175C40F008EE920 /* Signal.swift */ = {isa = PBXFileReference; lastKnownFileType = sourcecode.swift; path = Signal.swift; sourceTree = "<group>"; };
		40258CAA2175C44C008EE920 /* SubscriptionCollector.swift */ = {isa = PBXFileReference; lastKnownFileType = sourcecode.swift; path = SubscriptionCollector.swift; sourceTree = "<group>"; };
		40258CAC2175C60C008EE920 /* SignalForwarder.swift */ = {isa = PBXFileReference; lastKnownFileType = sourcecode.swift; path = SignalForwarder.swift; sourceTree = "<group>"; };
		40258CAE2175C64F008EE920 /* SignalMapper.swift */ = {isa = PBXFileReference; lastKnownFileType = sourcecode.swift; path = SignalMapper.swift; sourceTree = "<group>"; };
		40258CB02175C6E5008EE920 /* SignalFlatMapper.swift */ = {isa = PBXFileReference; lastKnownFileType = sourcecode.swift; path = SignalFlatMapper.swift; sourceTree = "<group>"; };
		40258CB22175C7CE008EE920 /* SignalScheduler.swift */ = {isa = PBXFileReference; lastKnownFileType = sourcecode.swift; path = SignalScheduler.swift; sourceTree = "<group>"; };
		40258CB42175C814008EE920 /* Emitter.swift */ = {isa = PBXFileReference; lastKnownFileType = sourcecode.swift; path = Emitter.swift; sourceTree = "<group>"; };
		40258CB62175CE79008EE920 /* SignalTests.swift */ = {isa = PBXFileReference; lastKnownFileType = sourcecode.swift; path = SignalTests.swift; sourceTree = "<group>"; };
		404B948F215A351100640928 /* Futura.framework */ = {isa = PBXFileReference; explicitFileType = wrapper.framework; includeInIndex = 0; path = Futura.framework; sourceTree = BUILT_PRODUCTS_DIR; };
		404B9493215A351100640928 /* Info.plist */ = {isa = PBXFileReference; lastKnownFileType = text.plist.xml; path = Info.plist; sourceTree = "<group>"; };
		404B9498215A351100640928 /* FuturaTests.xctest */ = {isa = PBXFileReference; explicitFileType = wrapper.cfbundle; includeInIndex = 0; path = FuturaTests.xctest; sourceTree = BUILT_PRODUCTS_DIR; };
		404B949D215A351100640928 /* FuturaTests.swift */ = {isa = PBXFileReference; lastKnownFileType = sourcecode.swift; path = FuturaTests.swift; sourceTree = "<group>"; };
		404B949F215A351100640928 /* Info.plist */ = {isa = PBXFileReference; lastKnownFileType = text.plist.xml; path = Info.plist; sourceTree = "<group>"; };
		404B94A9215A352D00640928 /* RecursiveLock.swift */ = {isa = PBXFileReference; lastKnownFileType = sourcecode.swift; path = RecursiveLock.swift; sourceTree = "<group>"; };
		404B94AB215A354000640928 /* Result.swift */ = {isa = PBXFileReference; lastKnownFileType = sourcecode.swift; path = Result.swift; sourceTree = "<group>"; };
		404B94AF215A356B00640928 /* Future.swift */ = {isa = PBXFileReference; lastKnownFileType = sourcecode.swift; path = Future.swift; sourceTree = "<group>"; };
		404B94B1215A358900640928 /* ExecutionContext.swift */ = {isa = PBXFileReference; lastKnownFileType = sourcecode.swift; path = ExecutionContext.swift; sourceTree = "<group>"; };
		404B94B3215A35AF00640928 /* Worker.swift */ = {isa = PBXFileReference; lastKnownFileType = sourcecode.swift; path = Worker.swift; sourceTree = "<group>"; };
		404B94B5215A35C700640928 /* DispatchQueueWorker.swift */ = {isa = PBXFileReference; lastKnownFileType = sourcecode.swift; path = DispatchQueueWorker.swift; sourceTree = "<group>"; };
		404B94B7215A35E700640928 /* Promise.swift */ = {isa = PBXFileReference; lastKnownFileType = sourcecode.swift; path = Promise.swift; sourceTree = "<group>"; };
		404B94B9215A364100640928 /* RecursiveLockTests.swift */ = {isa = PBXFileReference; lastKnownFileType = sourcecode.swift; path = RecursiveLockTests.swift; sourceTree = "<group>"; };
		404B94BB215A365100640928 /* PromiseAndFutureTests.swift */ = {isa = PBXFileReference; lastKnownFileType = sourcecode.swift; path = PromiseAndFutureTests.swift; sourceTree = "<group>"; };
		404B94BF215A5CC600640928 /* WorkerTests.swift */ = {isa = PBXFileReference; lastKnownFileType = sourcecode.swift; path = WorkerTests.swift; sourceTree = "<group>"; };
		405716C7217077EE00C79BE5 /* FuturaPerformanceTests.xctest */ = {isa = PBXFileReference; explicitFileType = wrapper.cfbundle; includeInIndex = 0; path = FuturaPerformanceTests.xctest; sourceTree = BUILT_PRODUCTS_DIR; };
		405716C9217077EE00C79BE5 /* FuturaPerformanceTests.swift */ = {isa = PBXFileReference; lastKnownFileType = sourcecode.swift; path = FuturaPerformanceTests.swift; sourceTree = "<group>"; };
		405716CB217077EE00C79BE5 /* Info.plist */ = {isa = PBXFileReference; lastKnownFileType = text.plist.xml; path = Info.plist; sourceTree = "<group>"; };
		40750C4F217A3FFC00067852 /* SignalFilter.swift */ = {isa = PBXFileReference; lastKnownFileType = sourcecode.swift; path = SignalFilter.swift; sourceTree = "<group>"; };
		40750C51217A423B00067852 /* StreamWorkLog.swift */ = {isa = PBXFileReference; lastKnownFileType = sourcecode.swift; path = StreamWorkLog.swift; sourceTree = "<group>"; };
		4075C52321624F8100B40806 /* TestWorker.swift */ = {isa = PBXFileReference; lastKnownFileType = sourcecode.swift; path = TestWorker.swift; sourceTree = "<group>"; };
		407AA543216E174F0030C433 /* Mutex.swift */ = {isa = PBXFileReference; lastKnownFileType = sourcecode.swift; path = Mutex.swift; sourceTree = "<group>"; };
		408B60FB2163630300C1A948 /* FutureWorkLog.swift */ = {isa = PBXFileReference; lastKnownFileType = sourcecode.swift; path = FutureWorkLog.swift; sourceTree = "<group>"; };
		409EB72B21E0CA50003814F8 /* DebugMode.swift */ = {isa = PBXFileReference; lastKnownFileType = sourcecode.swift; path = DebugMode.swift; sourceTree = "<group>"; };
		409EB72F21E0CACD003814F8 /* FuturaDebug.swift */ = {isa = PBXFileReference; lastKnownFileType = sourcecode.swift; path = FuturaDebug.swift; sourceTree = "<group>"; };
		409EB73121E0D00B003814F8 /* Future+Handlers.swift */ = {isa = PBXFileReference; lastKnownFileType = sourcecode.swift; path = "Future+Handlers.swift"; sourceTree = "<group>"; };
		409EB73321E0D01A003814F8 /* Future+Transformations.swift */ = {isa = PBXFileReference; lastKnownFileType = sourcecode.swift; path = "Future+Transformations.swift"; sourceTree = "<group>"; };
		409EB73521E0D026003814F8 /* Future+Zip.swift */ = {isa = PBXFileReference; lastKnownFileType = sourcecode.swift; path = "Future+Zip.swift"; sourceTree = "<group>"; };
		409EB73721E0D45E003814F8 /* Future+Debug.swift */ = {isa = PBXFileReference; lastKnownFileType = sourcecode.swift; path = "Future+Debug.swift"; sourceTree = "<group>"; };
		409EB73921E0E721003814F8 /* Signal+Debug.swift */ = {isa = PBXFileReference; lastKnownFileType = sourcecode.swift; path = "Signal+Debug.swift"; sourceTree = "<group>"; };
		409EB73B21E0E8F3003814F8 /* Signal+Handlers.swift */ = {isa = PBXFileReference; lastKnownFileType = sourcecode.swift; path = "Signal+Handlers.swift"; sourceTree = "<group>"; };
		40AFB89B216B72BC00ABB5BB /* FutureZipTests.swift */ = {isa = PBXFileReference; lastKnownFileType = sourcecode.swift; path = FutureZipTests.swift; sourceTree = "<group>"; };
/* End PBXFileReference section */

/* Begin PBXFrameworksBuildPhase section */
		404B948C215A351100640928 /* Frameworks */ = {
			isa = PBXFrameworksBuildPhase;
			buildActionMask = 2147483647;
			files = (
			);
			runOnlyForDeploymentPostprocessing = 0;
		};
		404B9495215A351100640928 /* Frameworks */ = {
			isa = PBXFrameworksBuildPhase;
			buildActionMask = 2147483647;
			files = (
				404B9499215A351100640928 /* Futura.framework in Frameworks */,
			);
			runOnlyForDeploymentPostprocessing = 0;
		};
		405716C4217077EE00C79BE5 /* Frameworks */ = {
			isa = PBXFrameworksBuildPhase;
			buildActionMask = 2147483647;
			files = (
				405716CC217077EE00C79BE5 /* Futura.framework in Frameworks */,
			);
			runOnlyForDeploymentPostprocessing = 0;
		};
/* End PBXFrameworksBuildPhase section */

/* Begin PBXGroup section */
		40258CA52175C3C4008EE920 /* Signal */ = {
			isa = PBXGroup;
			children = (
				40258CA62175C406008EE920 /* Subscription.swift */,
				40258CAA2175C44C008EE920 /* SubscriptionCollector.swift */,
				40258CB42175C814008EE920 /* Emitter.swift */,
				40258CA82175C40F008EE920 /* Signal.swift */,
				409EB73B21E0E8F3003814F8 /* Signal+Handlers.swift */,
				409EB73921E0E721003814F8 /* Signal+Debug.swift */,
				40258CAC2175C60C008EE920 /* SignalForwarder.swift */,
				40258CAE2175C64F008EE920 /* SignalMapper.swift */,
				40258CB02175C6E5008EE920 /* SignalFlatMapper.swift */,
				40750C4F217A3FFC00067852 /* SignalFilter.swift */,
				40258CB22175C7CE008EE920 /* SignalScheduler.swift */,
			);
			path = Signal;
			sourceTree = "<group>";
		};
		404B9485215A351100640928 = {
			isa = PBXGroup;
			children = (
				404B9491215A351100640928 /* Futura */,
				404B949C215A351100640928 /* FuturaTests */,
				405716C8217077EE00C79BE5 /* FuturaPerformanceTests */,
				404B9490215A351100640928 /* Products */,
			);
			sourceTree = "<group>";
		};
		404B9490215A351100640928 /* Products */ = {
			isa = PBXGroup;
			children = (
				404B948F215A351100640928 /* Futura.framework */,
				404B9498215A351100640928 /* FuturaTests.xctest */,
				405716C7217077EE00C79BE5 /* FuturaPerformanceTests.xctest */,
			);
			name = Products;
			sourceTree = "<group>";
		};
		404B9491215A351100640928 /* Futura */ = {
			isa = PBXGroup;
			children = (
				409EB72A21E0CA43003814F8 /* Debug */,
				40258CA52175C3C4008EE920 /* Signal */,
				407AA551216E48670030C433 /* Future */,
				407AA555216E4CD60030C433 /* Synchronization */,
				407AA550216E481B0030C433 /* Worker */,
				404B94AB215A354000640928 /* Result.swift */,
				404B9493215A351100640928 /* Info.plist */,
			);
			path = Futura;
			sourceTree = "<group>";
		};
		404B949C215A351100640928 /* FuturaTests */ = {
			isa = PBXGroup;
			children = (
				404B949F215A351100640928 /* Info.plist */,
				407AA552216E4B840030C433 /* Support */,
				404B94BB215A365100640928 /* PromiseAndFutureTests.swift */,
				40AFB89B216B72BC00ABB5BB /* FutureZipTests.swift */,
				40258CB62175CE79008EE920 /* SignalTests.swift */,
				404B94B9215A364100640928 /* RecursiveLockTests.swift */,
				404B94BF215A5CC600640928 /* WorkerTests.swift */,
			);
			path = FuturaTests;
			sourceTree = "<group>";
		};
		405716C8217077EE00C79BE5 /* FuturaPerformanceTests */ = {
			isa = PBXGroup;
			children = (
				405716C9217077EE00C79BE5 /* FuturaPerformanceTests.swift */,
				405716CB217077EE00C79BE5 /* Info.plist */,
			);
			path = FuturaPerformanceTests;
			sourceTree = "<group>";
		};
		407AA550216E481B0030C433 /* Worker */ = {
			isa = PBXGroup;
			children = (
				404B94B1215A358900640928 /* ExecutionContext.swift */,
				404B94B3215A35AF00640928 /* Worker.swift */,
				404B94B5215A35C700640928 /* DispatchQueueWorker.swift */,
				4004D27521A837EB0036426D /* OperationQueueWorker.swift */,
			);
			path = Worker;
			sourceTree = "<group>";
		};
		407AA551216E48670030C433 /* Future */ = {
			isa = PBXGroup;
			children = (
				404B94B7215A35E700640928 /* Promise.swift */,
				404B94AF215A356B00640928 /* Future.swift */,
				409EB73121E0D00B003814F8 /* Future+Handlers.swift */,
				409EB73321E0D01A003814F8 /* Future+Transformations.swift */,
				409EB73521E0D026003814F8 /* Future+Zip.swift */,
				409EB73721E0D45E003814F8 /* Future+Debug.swift */,
			);
			path = Future;
			sourceTree = "<group>";
		};
		407AA552216E4B840030C433 /* Support */ = {
			isa = PBXGroup;
			children = (
				4075C52321624F8100B40806 /* TestWorker.swift */,
				408B60FB2163630300C1A948 /* FutureWorkLog.swift */,
				40750C51217A423B00067852 /* StreamWorkLog.swift */,
				404B949D215A351100640928 /* FuturaTests.swift */,
			);
			path = Support;
			sourceTree = "<group>";
		};
		407AA555216E4CD60030C433 /* Synchronization */ = {
			isa = PBXGroup;
			children = (
				407AA543216E174F0030C433 /* Mutex.swift */,
				404B94A9215A352D00640928 /* RecursiveLock.swift */,
			);
			path = Synchronization;
			sourceTree = "<group>";
		};
		409EB72A21E0CA43003814F8 /* Debug */ = {
			isa = PBXGroup;
			children = (
				409EB72B21E0CA50003814F8 /* DebugMode.swift */,
				409EB72F21E0CACD003814F8 /* FuturaDebug.swift */,
			);
			path = Debug;
			sourceTree = "<group>";
		};
/* End PBXGroup section */

/* Begin PBXHeadersBuildPhase section */
		404B948A215A351100640928 /* Headers */ = {
			isa = PBXHeadersBuildPhase;
			buildActionMask = 2147483647;
			files = (
			);
			runOnlyForDeploymentPostprocessing = 0;
		};
/* End PBXHeadersBuildPhase section */

/* Begin PBXNativeTarget section */
		404B948E215A351100640928 /* Futura */ = {
			isa = PBXNativeTarget;
			buildConfigurationList = 404B94A3215A351100640928 /* Build configuration list for PBXNativeTarget "Futura" */;
			buildPhases = (
				404B948A215A351100640928 /* Headers */,
				404B948B215A351100640928 /* Sources */,
				404B948C215A351100640928 /* Frameworks */,
				404B948D215A351100640928 /* Resources */,
			);
			buildRules = (
			);
			dependencies = (
			);
			name = Futura;
			productName = Futura;
			productReference = 404B948F215A351100640928 /* Futura.framework */;
			productType = "com.apple.product-type.framework";
		};
		404B9497215A351100640928 /* FuturaTests */ = {
			isa = PBXNativeTarget;
			buildConfigurationList = 404B94A6215A351100640928 /* Build configuration list for PBXNativeTarget "FuturaTests" */;
			buildPhases = (
				404B9494215A351100640928 /* Sources */,
				404B9495215A351100640928 /* Frameworks */,
				404B9496215A351100640928 /* Resources */,
			);
			buildRules = (
			);
			dependencies = (
				404B949B215A351100640928 /* PBXTargetDependency */,
			);
			name = FuturaTests;
			productName = FuturaTests;
			productReference = 404B9498215A351100640928 /* FuturaTests.xctest */;
			productType = "com.apple.product-type.bundle.unit-test";
		};
		405716C6217077EE00C79BE5 /* FuturaPerformanceTests */ = {
			isa = PBXNativeTarget;
			buildConfigurationList = 405716D1217077EE00C79BE5 /* Build configuration list for PBXNativeTarget "FuturaPerformanceTests" */;
			buildPhases = (
				405716C3217077EE00C79BE5 /* Sources */,
				405716C4217077EE00C79BE5 /* Frameworks */,
				405716C5217077EE00C79BE5 /* Resources */,
			);
			buildRules = (
			);
			dependencies = (
				405716CE217077EE00C79BE5 /* PBXTargetDependency */,
			);
			name = FuturaPerformanceTests;
			productName = FuturaPerformanceTests;
			productReference = 405716C7217077EE00C79BE5 /* FuturaPerformanceTests.xctest */;
			productType = "com.apple.product-type.bundle.unit-test";
		};
/* End PBXNativeTarget section */

/* Begin PBXProject section */
		404B9486215A351100640928 /* Project object */ = {
			isa = PBXProject;
			attributes = {
				LastSwiftUpdateCheck = 1000;
				LastUpgradeCheck = 1010;
				ORGANIZATIONNAME = Miquido;
				TargetAttributes = {
					404B948E215A351100640928 = {
						CreatedOnToolsVersion = 10.0;
						LastSwiftMigration = 1000;
					};
					404B9497215A351100640928 = {
						CreatedOnToolsVersion = 10.0;
					};
					405716C6217077EE00C79BE5 = {
						CreatedOnToolsVersion = 10.0;
					};
				};
			};
			buildConfigurationList = 404B9489215A351100640928 /* Build configuration list for PBXProject "Futura" */;
			compatibilityVersion = "Xcode 9.3";
			developmentRegion = en;
			hasScannedForEncodings = 0;
			knownRegions = (
				en,
			);
			mainGroup = 404B9485215A351100640928;
			productRefGroup = 404B9490215A351100640928 /* Products */;
			projectDirPath = "";
			projectRoot = "";
			targets = (
				404B948E215A351100640928 /* Futura */,
				404B9497215A351100640928 /* FuturaTests */,
				405716C6217077EE00C79BE5 /* FuturaPerformanceTests */,
			);
		};
/* End PBXProject section */

/* Begin PBXResourcesBuildPhase section */
		404B948D215A351100640928 /* Resources */ = {
			isa = PBXResourcesBuildPhase;
			buildActionMask = 2147483647;
			files = (
			);
			runOnlyForDeploymentPostprocessing = 0;
		};
		404B9496215A351100640928 /* Resources */ = {
			isa = PBXResourcesBuildPhase;
			buildActionMask = 2147483647;
			files = (
			);
			runOnlyForDeploymentPostprocessing = 0;
		};
		405716C5217077EE00C79BE5 /* Resources */ = {
			isa = PBXResourcesBuildPhase;
			buildActionMask = 2147483647;
			files = (
			);
			runOnlyForDeploymentPostprocessing = 0;
		};
/* End PBXResourcesBuildPhase section */

/* Begin PBXSourcesBuildPhase section */
		404B948B215A351100640928 /* Sources */ = {
			isa = PBXSourcesBuildPhase;
			buildActionMask = 2147483647;
			files = (
				40750C50217A3FFC00067852 /* SignalFilter.swift in Sources */,
				40258CAB2175C44C008EE920 /* SubscriptionCollector.swift in Sources */,
				40258CB52175C814008EE920 /* Emitter.swift in Sources */,
				409EB72C21E0CA50003814F8 /* DebugMode.swift in Sources */,
				404B94AC215A354000640928 /* Result.swift in Sources */,
				404B94B4215A35AF00640928 /* Worker.swift in Sources */,
				409EB73A21E0E721003814F8 /* Signal+Debug.swift in Sources */,
				40258CA72175C406008EE920 /* Subscription.swift in Sources */,
				404B94B2215A358900640928 /* ExecutionContext.swift in Sources */,
				40258CB32175C7CE008EE920 /* SignalScheduler.swift in Sources */,
				404B94B0215A356B00640928 /* Future.swift in Sources */,
				40258CB12175C6E5008EE920 /* SignalFlatMapper.swift in Sources */,
				40258CAF2175C64F008EE920 /* SignalMapper.swift in Sources */,
				409EB73221E0D00B003814F8 /* Future+Handlers.swift in Sources */,
				404B94B6215A35C700640928 /* DispatchQueueWorker.swift in Sources */,
				40258CA92175C40F008EE920 /* Signal.swift in Sources */,
				4004D27621A837EB0036426D /* OperationQueueWorker.swift in Sources */,
				40258CAD2175C60C008EE920 /* SignalForwarder.swift in Sources */,
				404B94AA215A352D00640928 /* RecursiveLock.swift in Sources */,
				404B94B8215A35E700640928 /* Promise.swift in Sources */,
				409EB73621E0D026003814F8 /* Future+Zip.swift in Sources */,
				409EB73C21E0E8F3003814F8 /* Signal+Handlers.swift in Sources */,
				409EB73021E0CACD003814F8 /* FuturaDebug.swift in Sources */,
				409EB73821E0D45E003814F8 /* Future+Debug.swift in Sources */,
				409EB73421E0D01A003814F8 /* Future+Transformations.swift in Sources */,
				407AA544216E174F0030C433 /* Mutex.swift in Sources */,
			);
			runOnlyForDeploymentPostprocessing = 0;
		};
		404B9494215A351100640928 /* Sources */ = {
			isa = PBXSourcesBuildPhase;
			buildActionMask = 2147483647;
			files = (
				404B94BA215A364100640928 /* RecursiveLockTests.swift in Sources */,
				40AFB89C216B72BC00ABB5BB /* FutureZipTests.swift in Sources */,
				4075C52421624F8100B40806 /* TestWorker.swift in Sources */,
				40258CB72175CE79008EE920 /* SignalTests.swift in Sources */,
				404B949E215A351100640928 /* FuturaTests.swift in Sources */,
				404B94BC215A365100640928 /* PromiseAndFutureTests.swift in Sources */,
				404B94C0215A5CC600640928 /* WorkerTests.swift in Sources */,
				40750C52217A423B00067852 /* StreamWorkLog.swift in Sources */,
				40DB891D21A98CCA001B8CE7 /* FutureWorkLog.swift in Sources */,
			);
			runOnlyForDeploymentPostprocessing = 0;
		};
		405716C3217077EE00C79BE5 /* Sources */ = {
			isa = PBXSourcesBuildPhase;
			buildActionMask = 2147483647;
			files = (
				405716CA217077EE00C79BE5 /* FuturaPerformanceTests.swift in Sources */,
			);
			runOnlyForDeploymentPostprocessing = 0;
		};
/* End PBXSourcesBuildPhase section */

/* Begin PBXTargetDependency section */
		404B949B215A351100640928 /* PBXTargetDependency */ = {
			isa = PBXTargetDependency;
			target = 404B948E215A351100640928 /* Futura */;
			targetProxy = 404B949A215A351100640928 /* PBXContainerItemProxy */;
		};
		405716CE217077EE00C79BE5 /* PBXTargetDependency */ = {
			isa = PBXTargetDependency;
			target = 404B948E215A351100640928 /* Futura */;
			targetProxy = 405716CD217077EE00C79BE5 /* PBXContainerItemProxy */;
		};
/* End PBXTargetDependency section */

/* Begin XCBuildConfiguration section */
		404B94A1215A351100640928 /* Debug */ = {
			isa = XCBuildConfiguration;
			buildSettings = {
				ALWAYS_SEARCH_USER_PATHS = NO;
				CLANG_ANALYZER_NONNULL = YES;
				CLANG_ANALYZER_NUMBER_OBJECT_CONVERSION = YES_AGGRESSIVE;
				CLANG_CXX_LANGUAGE_STANDARD = "gnu++14";
				CLANG_CXX_LIBRARY = "libc++";
				CLANG_ENABLE_MODULES = YES;
				CLANG_ENABLE_OBJC_ARC = YES;
				CLANG_ENABLE_OBJC_WEAK = YES;
				CLANG_WARN_BLOCK_CAPTURE_AUTORELEASING = YES;
				CLANG_WARN_BOOL_CONVERSION = YES;
				CLANG_WARN_COMMA = YES;
				CLANG_WARN_CONSTANT_CONVERSION = YES;
				CLANG_WARN_DEPRECATED_OBJC_IMPLEMENTATIONS = YES;
				CLANG_WARN_DIRECT_OBJC_ISA_USAGE = YES_ERROR;
				CLANG_WARN_DOCUMENTATION_COMMENTS = YES;
				CLANG_WARN_EMPTY_BODY = YES;
				CLANG_WARN_ENUM_CONVERSION = YES;
				CLANG_WARN_INFINITE_RECURSION = YES;
				CLANG_WARN_INT_CONVERSION = YES;
				CLANG_WARN_NON_LITERAL_NULL_CONVERSION = YES;
				CLANG_WARN_OBJC_IMPLICIT_RETAIN_SELF = YES;
				CLANG_WARN_OBJC_LITERAL_CONVERSION = YES;
				CLANG_WARN_OBJC_ROOT_CLASS = YES_ERROR;
				CLANG_WARN_RANGE_LOOP_ANALYSIS = YES;
				CLANG_WARN_STRICT_PROTOTYPES = YES;
				CLANG_WARN_SUSPICIOUS_MOVE = YES;
				CLANG_WARN_UNGUARDED_AVAILABILITY = YES_AGGRESSIVE;
				CLANG_WARN_UNREACHABLE_CODE = YES;
				CLANG_WARN__DUPLICATE_METHOD_MATCH = YES;
				CODE_SIGN_IDENTITY = "iPhone Developer";
				COPY_PHASE_STRIP = NO;
				CURRENT_PROJECT_VERSION = 1;
				DEBUG_INFORMATION_FORMAT = dwarf;
				ENABLE_STRICT_OBJC_MSGSEND = YES;
				ENABLE_TESTABILITY = YES;
				GCC_C_LANGUAGE_STANDARD = gnu11;
				GCC_DYNAMIC_NO_PIC = NO;
				GCC_NO_COMMON_BLOCKS = YES;
				GCC_OPTIMIZATION_LEVEL = 0;
				GCC_PREPROCESSOR_DEFINITIONS = (
					"DEBUG=1",
					"$(inherited)",
				);
				GCC_WARN_64_TO_32_BIT_CONVERSION = YES;
				GCC_WARN_ABOUT_RETURN_TYPE = YES_ERROR;
				GCC_WARN_UNDECLARED_SELECTOR = YES;
				GCC_WARN_UNINITIALIZED_AUTOS = YES_AGGRESSIVE;
				GCC_WARN_UNUSED_FUNCTION = YES;
				GCC_WARN_UNUSED_VARIABLE = YES;
				IPHONEOS_DEPLOYMENT_TARGET = 12.0;
				MTL_ENABLE_DEBUG_INFO = INCLUDE_SOURCE;
				MTL_FAST_MATH = YES;
				ONLY_ACTIVE_ARCH = YES;
				SDKROOT = iphoneos;
				SWIFT_ACTIVE_COMPILATION_CONDITIONS = DEBUG;
				SWIFT_OPTIMIZATION_LEVEL = "-Onone";
				VERSIONING_SYSTEM = "apple-generic";
				VERSION_INFO_PREFIX = "";
			};
			name = Debug;
		};
		404B94A2215A351100640928 /* Release */ = {
			isa = XCBuildConfiguration;
			buildSettings = {
				ALWAYS_SEARCH_USER_PATHS = NO;
				CLANG_ANALYZER_NONNULL = YES;
				CLANG_ANALYZER_NUMBER_OBJECT_CONVERSION = YES_AGGRESSIVE;
				CLANG_CXX_LANGUAGE_STANDARD = "gnu++14";
				CLANG_CXX_LIBRARY = "libc++";
				CLANG_ENABLE_MODULES = YES;
				CLANG_ENABLE_OBJC_ARC = YES;
				CLANG_ENABLE_OBJC_WEAK = YES;
				CLANG_WARN_BLOCK_CAPTURE_AUTORELEASING = YES;
				CLANG_WARN_BOOL_CONVERSION = YES;
				CLANG_WARN_COMMA = YES;
				CLANG_WARN_CONSTANT_CONVERSION = YES;
				CLANG_WARN_DEPRECATED_OBJC_IMPLEMENTATIONS = YES;
				CLANG_WARN_DIRECT_OBJC_ISA_USAGE = YES_ERROR;
				CLANG_WARN_DOCUMENTATION_COMMENTS = YES;
				CLANG_WARN_EMPTY_BODY = YES;
				CLANG_WARN_ENUM_CONVERSION = YES;
				CLANG_WARN_INFINITE_RECURSION = YES;
				CLANG_WARN_INT_CONVERSION = YES;
				CLANG_WARN_NON_LITERAL_NULL_CONVERSION = YES;
				CLANG_WARN_OBJC_IMPLICIT_RETAIN_SELF = YES;
				CLANG_WARN_OBJC_LITERAL_CONVERSION = YES;
				CLANG_WARN_OBJC_ROOT_CLASS = YES_ERROR;
				CLANG_WARN_RANGE_LOOP_ANALYSIS = YES;
				CLANG_WARN_STRICT_PROTOTYPES = YES;
				CLANG_WARN_SUSPICIOUS_MOVE = YES;
				CLANG_WARN_UNGUARDED_AVAILABILITY = YES_AGGRESSIVE;
				CLANG_WARN_UNREACHABLE_CODE = YES;
				CLANG_WARN__DUPLICATE_METHOD_MATCH = YES;
				CODE_SIGN_IDENTITY = "iPhone Developer";
				COPY_PHASE_STRIP = NO;
				CURRENT_PROJECT_VERSION = 1;
				DEBUG_INFORMATION_FORMAT = "dwarf-with-dsym";
				ENABLE_NS_ASSERTIONS = NO;
				ENABLE_STRICT_OBJC_MSGSEND = YES;
				GCC_C_LANGUAGE_STANDARD = gnu11;
				GCC_NO_COMMON_BLOCKS = YES;
				GCC_WARN_64_TO_32_BIT_CONVERSION = YES;
				GCC_WARN_ABOUT_RETURN_TYPE = YES_ERROR;
				GCC_WARN_UNDECLARED_SELECTOR = YES;
				GCC_WARN_UNINITIALIZED_AUTOS = YES_AGGRESSIVE;
				GCC_WARN_UNUSED_FUNCTION = YES;
				GCC_WARN_UNUSED_VARIABLE = YES;
				IPHONEOS_DEPLOYMENT_TARGET = 12.0;
				MTL_ENABLE_DEBUG_INFO = NO;
				MTL_FAST_MATH = YES;
				SDKROOT = iphoneos;
				SWIFT_COMPILATION_MODE = wholemodule;
				SWIFT_OPTIMIZATION_LEVEL = "-O";
				VALIDATE_PRODUCT = YES;
				VERSIONING_SYSTEM = "apple-generic";
				VERSION_INFO_PREFIX = "";
			};
			name = Release;
		};
		404B94A4215A351100640928 /* Debug */ = {
			isa = XCBuildConfiguration;
			buildSettings = {
				CLANG_ENABLE_MODULES = YES;
				CODE_SIGN_IDENTITY = "";
				CODE_SIGN_STYLE = Automatic;
				DEFINES_MODULE = YES;
				DYLIB_COMPATIBILITY_VERSION = 1;
				DYLIB_CURRENT_VERSION = 1;
				DYLIB_INSTALL_NAME_BASE = "@rpath";
				GCC_PREPROCESSOR_DEFINITIONS = "$(inherited)";
				INFOPLIST_FILE = Futura/Info.plist;
				INSTALL_PATH = "$(LOCAL_LIBRARY_DIR)/Frameworks";
				IPHONEOS_DEPLOYMENT_TARGET = 11.0;
				LD_RUNPATH_SEARCH_PATHS = (
					"$(inherited)",
					"@executable_path/Frameworks",
					"@loader_path/Frameworks",
				);
				PRODUCT_BUNDLE_IDENTIFIER = com.miquido.Futura;
				PRODUCT_NAME = "$(TARGET_NAME:c99extidentifier)";
				Resilience = "-enable-resilience";
				SKIP_INSTALL = YES;
				SWIFT_ACTIVE_COMPILATION_CONDITIONS = FUTURA_DEBUG;
				SWIFT_OPTIMIZATION_LEVEL = "-Onone";
				SWIFT_VERSION = 4.2;
				TARGETED_DEVICE_FAMILY = "1,2";
			};
			name = Debug;
		};
		404B94A5215A351100640928 /* Release */ = {
			isa = XCBuildConfiguration;
			buildSettings = {
				CLANG_ENABLE_MODULES = YES;
				CODE_SIGN_IDENTITY = "";
				CODE_SIGN_STYLE = Automatic;
				DEFINES_MODULE = YES;
				DYLIB_COMPATIBILITY_VERSION = 1;
				DYLIB_CURRENT_VERSION = 1;
				DYLIB_INSTALL_NAME_BASE = "@rpath";
				INFOPLIST_FILE = Futura/Info.plist;
				INSTALL_PATH = "$(LOCAL_LIBRARY_DIR)/Frameworks";
				IPHONEOS_DEPLOYMENT_TARGET = 11.0;
				LD_RUNPATH_SEARCH_PATHS = (
					"$(inherited)",
					"@executable_path/Frameworks",
					"@loader_path/Frameworks",
				);
				PRODUCT_BUNDLE_IDENTIFIER = com.miquido.Futura;
				PRODUCT_NAME = "$(TARGET_NAME:c99extidentifier)";
				Resilience = "-enable-resilience";
				SKIP_INSTALL = YES;
				SWIFT_VERSION = 4.2;
				TARGETED_DEVICE_FAMILY = "1,2";
			};
			name = Release;
		};
		404B94A7215A351100640928 /* Debug */ = {
			isa = XCBuildConfiguration;
			buildSettings = {
				ALWAYS_EMBED_SWIFT_STANDARD_LIBRARIES = YES;
				CODE_SIGN_STYLE = Automatic;
				INFOPLIST_FILE = FuturaTests/Info.plist;
				LD_RUNPATH_SEARCH_PATHS = (
					"$(inherited)",
					"@executable_path/Frameworks",
					"@loader_path/Frameworks",
				);
				PRODUCT_BUNDLE_IDENTIFIER = com.miquido.FuturaTests;
				PRODUCT_NAME = "$(TARGET_NAME)";
				SWIFT_VERSION = 4.2;
				TARGETED_DEVICE_FAMILY = "1,2";
			};
			name = Debug;
		};
		404B94A8215A351100640928 /* Release */ = {
			isa = XCBuildConfiguration;
			buildSettings = {
				ALWAYS_EMBED_SWIFT_STANDARD_LIBRARIES = YES;
				CODE_SIGN_STYLE = Automatic;
				INFOPLIST_FILE = FuturaTests/Info.plist;
				LD_RUNPATH_SEARCH_PATHS = (
					"$(inherited)",
					"@executable_path/Frameworks",
					"@loader_path/Frameworks",
				);
				PRODUCT_BUNDLE_IDENTIFIER = com.miquido.FuturaTests;
				PRODUCT_NAME = "$(TARGET_NAME)";
				SWIFT_VERSION = 4.2;
				TARGETED_DEVICE_FAMILY = "1,2";
			};
			name = Release;
		};
		405716CF217077EE00C79BE5 /* Debug */ = {
			isa = XCBuildConfiguration;
			buildSettings = {
				CODE_SIGN_STYLE = Automatic;
				INFOPLIST_FILE = FuturaPerformanceTests/Info.plist;
				LD_RUNPATH_SEARCH_PATHS = (
					"$(inherited)",
					"@executable_path/Frameworks",
					"@loader_path/Frameworks",
				);
				PRODUCT_BUNDLE_IDENTIFIER = com.miquido.FuturaPerformanceTests;
				PRODUCT_NAME = "$(TARGET_NAME)";
				SWIFT_VERSION = 4.2;
				TARGETED_DEVICE_FAMILY = "1,2";
			};
			name = Debug;
		};
		405716D0217077EE00C79BE5 /* Release */ = {
			isa = XCBuildConfiguration;
			buildSettings = {
				CODE_SIGN_STYLE = Automatic;
				INFOPLIST_FILE = FuturaPerformanceTests/Info.plist;
				LD_RUNPATH_SEARCH_PATHS = (
					"$(inherited)",
					"@executable_path/Frameworks",
					"@loader_path/Frameworks",
				);
				PRODUCT_BUNDLE_IDENTIFIER = com.miquido.FuturaPerformanceTests;
				PRODUCT_NAME = "$(TARGET_NAME)";
				SWIFT_VERSION = 4.2;
				TARGETED_DEVICE_FAMILY = "1,2";
			};
			name = Release;
		};
/* End XCBuildConfiguration section */

/* Begin XCConfigurationList section */
		404B9489215A351100640928 /* Build configuration list for PBXProject "Futura" */ = {
			isa = XCConfigurationList;
			buildConfigurations = (
				404B94A1215A351100640928 /* Debug */,
				404B94A2215A351100640928 /* Release */,
			);
			defaultConfigurationIsVisible = 0;
			defaultConfigurationName = Release;
		};
		404B94A3215A351100640928 /* Build configuration list for PBXNativeTarget "Futura" */ = {
			isa = XCConfigurationList;
			buildConfigurations = (
				404B94A4215A351100640928 /* Debug */,
				404B94A5215A351100640928 /* Release */,
			);
			defaultConfigurationIsVisible = 0;
			defaultConfigurationName = Release;
		};
		404B94A6215A351100640928 /* Build configuration list for PBXNativeTarget "FuturaTests" */ = {
			isa = XCConfigurationList;
			buildConfigurations = (
				404B94A7215A351100640928 /* Debug */,
				404B94A8215A351100640928 /* Release */,
			);
			defaultConfigurationIsVisible = 0;
			defaultConfigurationName = Release;
		};
		405716D1217077EE00C79BE5 /* Build configuration list for PBXNativeTarget "FuturaPerformanceTests" */ = {
			isa = XCConfigurationList;
			buildConfigurations = (
				405716CF217077EE00C79BE5 /* Debug */,
				405716D0217077EE00C79BE5 /* Release */,
			);
			defaultConfigurationIsVisible = 0;
			defaultConfigurationName = Release;
		};
/* End XCConfigurationList section */
	};
	rootObject = 404B9486215A351100640928 /* Project object */;
}
