// !$*UTF8*$!
{
	archiveVersion = 1;
	classes = {
	};
	objectVersion = 46;
	objects = {

/* Begin PBXBuildFile section */
		4224E6E12264A90700815E20 /* Future+Expectation.swift in Sources */ = {isa = PBXBuildFile; fileRef = 4224E6E02264A90700815E20 /* Future+Expectation.swift */; };
		4224E6E32264C1E800815E20 /* TestExpectation.swift in Sources */ = {isa = PBXBuildFile; fileRef = 4224E6E22264C1E800815E20 /* TestExpectation.swift */; };
		4224E6E92265B8BE00815E20 /* Signal+Expectation.swift in Sources */ = {isa = PBXBuildFile; fileRef = 4224E6E82265B8BE00815E20 /* Signal+Expectation.swift */; };
		4224E6F32265E7A200815E20 /* XCTestCase+Async.swift in Sources */ = {isa = PBXBuildFile; fileRef = 4224E6F22265E7A200815E20 /* XCTestCase+Async.swift */; };
		422DF99223E1CF110091957D /* Synchronized.swift in Sources */ = {isa = PBXBuildFile; fileRef = 422DF99123E1CF110091957D /* Synchronized.swift */; };
		422DF99523E1D0E10091957D /* SynchronizedPropertyTests.swift in Sources */ = {isa = PBXBuildFile; fileRef = 422DF99323E1D0C20091957D /* SynchronizedPropertyTests.swift */; };
		422DF99723E1D5D80091957D /* Lock.swift in Sources */ = {isa = PBXBuildFile; fileRef = 422DF99623E1D5D80091957D /* Lock.swift */; };
		422DF99923E1D6370091957D /* LockTests.swift in Sources */ = {isa = PBXBuildFile; fileRef = 422DF99823E1D6370091957D /* LockTests.swift */; };
		4251536D23E1FED400A112E0 /* RecursiveLockPerformanceTests.swift in Sources */ = {isa = PBXBuildFile; fileRef = 4251536C23E1FED400A112E0 /* RecursiveLockPerformanceTests.swift */; };
		4251536E23E1FF3500A112E0 /* AtomicFlagTests.swift in Sources */ = {isa = PBXBuildFile; fileRef = 4224E6F02265BE5400815E20 /* AtomicFlagTests.swift */; };
		4251536F23E1FF4800A112E0 /* LockPerformanceTests.swift in Sources */ = {isa = PBXBuildFile; fileRef = OBJ_39 /* LockPerformanceTests.swift */; };
		4251537023E1FFD200A112E0 /* AtomicFlag.swift in Sources */ = {isa = PBXBuildFile; fileRef = 4224E6E42264C85300815E20 /* AtomicFlag.swift */; };
		426A7B7223E8247F008C6A23 /* Signal+Buffer.swift in Sources */ = {isa = PBXBuildFile; fileRef = 426A7B7123E8247F008C6A23 /* Signal+Buffer.swift */; };
		429F673E23E82F6300364D6C /* Receiver.swift in Sources */ = {isa = PBXBuildFile; fileRef = 429F673D23E82F6300364D6C /* Receiver.swift */; };
		42C32F75226603D300C806A4 /* Future+Handlers.swift in Sources */ = {isa = PBXBuildFile; fileRef = 42C32F74226603D300C806A4 /* Future+Handlers.swift */; };
		42C32F77226603F200C806A4 /* Future+Transformations.swift in Sources */ = {isa = PBXBuildFile; fileRef = 42C32F76226603F200C806A4 /* Future+Transformations.swift */; };
		42C32F792266040000C806A4 /* Future+Zip.swift in Sources */ = {isa = PBXBuildFile; fileRef = 42C32F782266040000C806A4 /* Future+Zip.swift */; };
		42C32F7B2266040C00C806A4 /* Future+Debug.swift in Sources */ = {isa = PBXBuildFile; fileRef = 42C32F7A2266040C00C806A4 /* Future+Debug.swift */; };
		42C32F7E2266068400C806A4 /* DebugMode.swift in Sources */ = {isa = PBXBuildFile; fileRef = 42C32F7D2266068400C806A4 /* DebugMode.swift */; };
		42C32F802266069400C806A4 /* FuturaDebug.swift in Sources */ = {isa = PBXBuildFile; fileRef = 42C32F7F2266069400C806A4 /* FuturaDebug.swift */; };
		42C32F822266075D00C806A4 /* Signal+Debug.swift in Sources */ = {isa = PBXBuildFile; fileRef = 42C32F812266075D00C806A4 /* Signal+Debug.swift */; };
		42C32F8422660FA700C806A4 /* Signal+Handlers.swift in Sources */ = {isa = PBXBuildFile; fileRef = 42C32F8322660FA700C806A4 /* Signal+Handlers.swift */; };
		42C675CB23E221000075B645 /* Emitting.swift in Sources */ = {isa = PBXBuildFile; fileRef = 42C675CA23E221000075B645 /* Emitting.swift */; };
		42C675CD23E222ED0075B645 /* EmittingPropertyTests.swift in Sources */ = {isa = PBXBuildFile; fileRef = 42C675CC23E222ED0075B645 /* EmittingPropertyTests.swift */; };
		OBJ_110 /* FuturaTest.framework in Frameworks */ = {isa = PBXBuildFile; fileRef = "Futura::FuturaTest::Product" /* FuturaTest.framework */; };
		OBJ_111 /* Futura.framework in Frameworks */ = {isa = PBXBuildFile; fileRef = "Futura::Futura::Product" /* Futura.framework */; };
		OBJ_119 /* TestWorker.swift in Sources */ = {isa = PBXBuildFile; fileRef = OBJ_36 /* TestWorker.swift */; };
		OBJ_121 /* Futura.framework in Frameworks */ = {isa = PBXBuildFile; fileRef = "Futura::Futura::Product" /* Futura.framework */; };
		OBJ_127 /* FutureZipTests.swift in Sources */ = {isa = PBXBuildFile; fileRef = OBJ_41 /* FutureZipTests.swift */; };
		OBJ_128 /* PromiseAndFutureTests.swift in Sources */ = {isa = PBXBuildFile; fileRef = OBJ_42 /* PromiseAndFutureTests.swift */; };
		OBJ_129 /* RecursiveLockTests.swift in Sources */ = {isa = PBXBuildFile; fileRef = OBJ_43 /* RecursiveLockTests.swift */; };
		OBJ_130 /* SignalTests.swift in Sources */ = {isa = PBXBuildFile; fileRef = OBJ_44 /* SignalTests.swift */; };
		OBJ_131 /* FuturaTests.swift in Sources */ = {isa = PBXBuildFile; fileRef = OBJ_46 /* FuturaTests.swift */; };
		OBJ_132 /* FutureWorkLog.swift in Sources */ = {isa = PBXBuildFile; fileRef = OBJ_47 /* FutureWorkLog.swift */; };
		OBJ_133 /* StreamWorkLog.swift in Sources */ = {isa = PBXBuildFile; fileRef = OBJ_48 /* StreamWorkLog.swift */; };
		OBJ_135 /* WorkerTests.swift in Sources */ = {isa = PBXBuildFile; fileRef = OBJ_50 /* WorkerTests.swift */; };
		OBJ_137 /* FuturaTest.framework in Frameworks */ = {isa = PBXBuildFile; fileRef = "Futura::FuturaTest::Product" /* FuturaTest.framework */; };
		OBJ_138 /* Futura.framework in Frameworks */ = {isa = PBXBuildFile; fileRef = "Futura::Futura::Product" /* Futura.framework */; };
		OBJ_67 /* Future.swift in Sources */ = {isa = PBXBuildFile; fileRef = OBJ_10 /* Future.swift */; };
		OBJ_68 /* Promise.swift in Sources */ = {isa = PBXBuildFile; fileRef = OBJ_11 /* Promise.swift */; };
		OBJ_69 /* Emitter.swift in Sources */ = {isa = PBXBuildFile; fileRef = OBJ_13 /* Emitter.swift */; };
		OBJ_70 /* Signal+Catch.swift in Sources */ = {isa = PBXBuildFile; fileRef = OBJ_14 /* Signal+Catch.swift */; };
		OBJ_71 /* Signal+Filter.swift in Sources */ = {isa = PBXBuildFile; fileRef = OBJ_15 /* Signal+Filter.swift */; };
		OBJ_72 /* Signal+FlatMap.swift in Sources */ = {isa = PBXBuildFile; fileRef = OBJ_16 /* Signal+FlatMap.swift */; };
		OBJ_73 /* Signal+FlatMapLatest.swift in Sources */ = {isa = PBXBuildFile; fileRef = OBJ_17 /* Signal+FlatMapLatest.swift */; };
		OBJ_74 /* Signal+Forward.swift in Sources */ = {isa = PBXBuildFile; fileRef = OBJ_18 /* Signal+Forward.swift */; };
		OBJ_75 /* Signal+FutureFlatMap.swift in Sources */ = {isa = PBXBuildFile; fileRef = OBJ_19 /* Signal+FutureFlatMap.swift */; };
		OBJ_76 /* Signal+Map.swift in Sources */ = {isa = PBXBuildFile; fileRef = OBJ_20 /* Signal+Map.swift */; };
		OBJ_77 /* Signal+Merge.swift in Sources */ = {isa = PBXBuildFile; fileRef = OBJ_21 /* Signal+Merge.swift */; };
		OBJ_78 /* Signal+Switch.swift in Sources */ = {isa = PBXBuildFile; fileRef = OBJ_22 /* Signal+Switch.swift */; };
		OBJ_79 /* Signal.swift in Sources */ = {isa = PBXBuildFile; fileRef = OBJ_23 /* Signal.swift */; };
		OBJ_80 /* Subscription.swift in Sources */ = {isa = PBXBuildFile; fileRef = OBJ_24 /* Subscription.swift */; };
		OBJ_81 /* SubscriptionCollector.swift in Sources */ = {isa = PBXBuildFile; fileRef = OBJ_25 /* SubscriptionCollector.swift */; };
		OBJ_82 /* TimedEmitter.swift in Sources */ = {isa = PBXBuildFile; fileRef = OBJ_26 /* TimedEmitter.swift */; };
		OBJ_83 /* Mutex.swift in Sources */ = {isa = PBXBuildFile; fileRef = OBJ_28 /* Mutex.swift */; };
		OBJ_84 /* RecursiveLock.swift in Sources */ = {isa = PBXBuildFile; fileRef = OBJ_29 /* RecursiveLock.swift */; };
		OBJ_85 /* DispatchQueueWorker.swift in Sources */ = {isa = PBXBuildFile; fileRef = OBJ_31 /* DispatchQueueWorker.swift */; };
		OBJ_86 /* ExecutionContext.swift in Sources */ = {isa = PBXBuildFile; fileRef = OBJ_32 /* ExecutionContext.swift */; };
		OBJ_87 /* OperationQueueWorker.swift in Sources */ = {isa = PBXBuildFile; fileRef = OBJ_33 /* OperationQueueWorker.swift */; };
		OBJ_88 /* Worker.swift in Sources */ = {isa = PBXBuildFile; fileRef = OBJ_34 /* Worker.swift */; };
		OBJ_95 /* Package.swift in Sources */ = {isa = PBXBuildFile; fileRef = OBJ_6 /* Package.swift */; };
/* End PBXBuildFile section */

/* Begin PBXContainerItemProxy section */
		4224E6D922649E9900815E20 /* PBXContainerItemProxy */ = {
			isa = PBXContainerItemProxy;
			containerPortal = OBJ_1 /* Project object */;
			proxyType = 1;
			remoteGlobalIDString = "Futura::Futura";
			remoteInfo = Futura;
		};
		4224E6DA22649E9900815E20 /* PBXContainerItemProxy */ = {
			isa = PBXContainerItemProxy;
			containerPortal = OBJ_1 /* Project object */;
			proxyType = 1;
			remoteGlobalIDString = "Futura::FuturaTest";
			remoteInfo = FuturaTest;
		};
		4224E6DB22649E9900815E20 /* PBXContainerItemProxy */ = {
			isa = PBXContainerItemProxy;
			containerPortal = OBJ_1 /* Project object */;
			proxyType = 1;
			remoteGlobalIDString = "Futura::Futura";
			remoteInfo = Futura;
		};
		4224E6DC22649E9A00815E20 /* PBXContainerItemProxy */ = {
			isa = PBXContainerItemProxy;
			containerPortal = OBJ_1 /* Project object */;
			proxyType = 1;
			remoteGlobalIDString = "Futura::FuturaTest";
			remoteInfo = FuturaTest;
		};
		4224E6DD22649E9A00815E20 /* PBXContainerItemProxy */ = {
			isa = PBXContainerItemProxy;
			containerPortal = OBJ_1 /* Project object */;
			proxyType = 1;
			remoteGlobalIDString = "Futura::Futura";
			remoteInfo = Futura;
		};
/* End PBXContainerItemProxy section */

/* Begin PBXFileReference section */
		4224E6E02264A90700815E20 /* Future+Expectation.swift */ = {isa = PBXFileReference; lastKnownFileType = sourcecode.swift; path = "Future+Expectation.swift"; sourceTree = "<group>"; };
		4224E6E22264C1E800815E20 /* TestExpectation.swift */ = {isa = PBXFileReference; lastKnownFileType = sourcecode.swift; path = TestExpectation.swift; sourceTree = "<group>"; };
		4224E6E42264C85300815E20 /* AtomicFlag.swift */ = {isa = PBXFileReference; lastKnownFileType = sourcecode.swift; path = AtomicFlag.swift; sourceTree = "<group>"; };
		4224E6E82265B8BE00815E20 /* Signal+Expectation.swift */ = {isa = PBXFileReference; lastKnownFileType = sourcecode.swift; path = "Signal+Expectation.swift"; sourceTree = "<group>"; };
		4224E6F02265BE5400815E20 /* AtomicFlagTests.swift */ = {isa = PBXFileReference; lastKnownFileType = sourcecode.swift; path = AtomicFlagTests.swift; sourceTree = "<group>"; };
		4224E6F22265E7A200815E20 /* XCTestCase+Async.swift */ = {isa = PBXFileReference; lastKnownFileType = sourcecode.swift; path = "XCTestCase+Async.swift"; sourceTree = "<group>"; };
		422DF99123E1CF110091957D /* Synchronized.swift */ = {isa = PBXFileReference; lastKnownFileType = sourcecode.swift; path = Synchronized.swift; sourceTree = "<group>"; };
		422DF99323E1D0C20091957D /* SynchronizedPropertyTests.swift */ = {isa = PBXFileReference; lastKnownFileType = sourcecode.swift; path = SynchronizedPropertyTests.swift; sourceTree = "<group>"; };
		422DF99623E1D5D80091957D /* Lock.swift */ = {isa = PBXFileReference; lastKnownFileType = sourcecode.swift; path = Lock.swift; sourceTree = "<group>"; };
		422DF99823E1D6370091957D /* LockTests.swift */ = {isa = PBXFileReference; lastKnownFileType = sourcecode.swift; path = LockTests.swift; sourceTree = "<group>"; };
		4251536C23E1FED400A112E0 /* RecursiveLockPerformanceTests.swift */ = {isa = PBXFileReference; lastKnownFileType = sourcecode.swift; path = RecursiveLockPerformanceTests.swift; sourceTree = "<group>"; };
		426A7B7123E8247F008C6A23 /* Signal+Buffer.swift */ = {isa = PBXFileReference; lastKnownFileType = sourcecode.swift; path = "Signal+Buffer.swift"; sourceTree = "<group>"; };
		429F673D23E82F6300364D6C /* Receiver.swift */ = {isa = PBXFileReference; lastKnownFileType = sourcecode.swift; path = Receiver.swift; sourceTree = "<group>"; };
		42C32F74226603D300C806A4 /* Future+Handlers.swift */ = {isa = PBXFileReference; lastKnownFileType = sourcecode.swift; path = "Future+Handlers.swift"; sourceTree = "<group>"; };
		42C32F76226603F200C806A4 /* Future+Transformations.swift */ = {isa = PBXFileReference; lastKnownFileType = sourcecode.swift; path = "Future+Transformations.swift"; sourceTree = "<group>"; };
		42C32F782266040000C806A4 /* Future+Zip.swift */ = {isa = PBXFileReference; lastKnownFileType = sourcecode.swift; path = "Future+Zip.swift"; sourceTree = "<group>"; };
		42C32F7A2266040C00C806A4 /* Future+Debug.swift */ = {isa = PBXFileReference; lastKnownFileType = sourcecode.swift; path = "Future+Debug.swift"; sourceTree = "<group>"; };
		42C32F7D2266068400C806A4 /* DebugMode.swift */ = {isa = PBXFileReference; lastKnownFileType = sourcecode.swift; path = DebugMode.swift; sourceTree = "<group>"; };
		42C32F7F2266069400C806A4 /* FuturaDebug.swift */ = {isa = PBXFileReference; lastKnownFileType = sourcecode.swift; path = FuturaDebug.swift; sourceTree = "<group>"; };
		42C32F812266075D00C806A4 /* Signal+Debug.swift */ = {isa = PBXFileReference; lastKnownFileType = sourcecode.swift; path = "Signal+Debug.swift"; sourceTree = "<group>"; };
		42C32F8322660FA700C806A4 /* Signal+Handlers.swift */ = {isa = PBXFileReference; lastKnownFileType = sourcecode.swift; path = "Signal+Handlers.swift"; sourceTree = "<group>"; };
		42C675CA23E221000075B645 /* Emitting.swift */ = {isa = PBXFileReference; lastKnownFileType = sourcecode.swift; path = Emitting.swift; sourceTree = "<group>"; };
		42C675CC23E222ED0075B645 /* EmittingPropertyTests.swift */ = {isa = PBXFileReference; lastKnownFileType = sourcecode.swift; path = EmittingPropertyTests.swift; sourceTree = "<group>"; };
		"Futura::Futura::Product" /* Futura.framework */ = {isa = PBXFileReference; explicitFileType = wrapper.framework; path = Futura.framework; sourceTree = BUILT_PRODUCTS_DIR; };
		"Futura::FuturaPerformanceTests::Product" /* FuturaPerformanceTests.xctest */ = {isa = PBXFileReference; explicitFileType = wrapper.cfbundle; path = FuturaPerformanceTests.xctest; sourceTree = BUILT_PRODUCTS_DIR; };
		"Futura::FuturaTest::Product" /* FuturaTest.framework */ = {isa = PBXFileReference; explicitFileType = wrapper.framework; path = FuturaTest.framework; sourceTree = BUILT_PRODUCTS_DIR; };
		"Futura::FuturaTests::Product" /* FuturaTests.xctest */ = {isa = PBXFileReference; explicitFileType = wrapper.cfbundle; path = FuturaTests.xctest; sourceTree = BUILT_PRODUCTS_DIR; };
		OBJ_10 /* Future.swift */ = {isa = PBXFileReference; lastKnownFileType = sourcecode.swift; path = Future.swift; sourceTree = "<group>"; };
		OBJ_11 /* Promise.swift */ = {isa = PBXFileReference; lastKnownFileType = sourcecode.swift; path = Promise.swift; sourceTree = "<group>"; };
		OBJ_13 /* Emitter.swift */ = {isa = PBXFileReference; lastKnownFileType = sourcecode.swift; path = Emitter.swift; sourceTree = "<group>"; };
		OBJ_14 /* Signal+Catch.swift */ = {isa = PBXFileReference; lastKnownFileType = sourcecode.swift; path = "Signal+Catch.swift"; sourceTree = "<group>"; };
		OBJ_15 /* Signal+Filter.swift */ = {isa = PBXFileReference; lastKnownFileType = sourcecode.swift; path = "Signal+Filter.swift"; sourceTree = "<group>"; };
		OBJ_16 /* Signal+FlatMap.swift */ = {isa = PBXFileReference; lastKnownFileType = sourcecode.swift; path = "Signal+FlatMap.swift"; sourceTree = "<group>"; };
		OBJ_17 /* Signal+FlatMapLatest.swift */ = {isa = PBXFileReference; lastKnownFileType = sourcecode.swift; path = "Signal+FlatMapLatest.swift"; sourceTree = "<group>"; };
		OBJ_18 /* Signal+Forward.swift */ = {isa = PBXFileReference; lastKnownFileType = sourcecode.swift; path = "Signal+Forward.swift"; sourceTree = "<group>"; };
		OBJ_19 /* Signal+FutureFlatMap.swift */ = {isa = PBXFileReference; lastKnownFileType = sourcecode.swift; path = "Signal+FutureFlatMap.swift"; sourceTree = "<group>"; };
		OBJ_20 /* Signal+Map.swift */ = {isa = PBXFileReference; lastKnownFileType = sourcecode.swift; path = "Signal+Map.swift"; sourceTree = "<group>"; };
		OBJ_21 /* Signal+Merge.swift */ = {isa = PBXFileReference; lastKnownFileType = sourcecode.swift; path = "Signal+Merge.swift"; sourceTree = "<group>"; };
		OBJ_22 /* Signal+Switch.swift */ = {isa = PBXFileReference; lastKnownFileType = sourcecode.swift; path = "Signal+Switch.swift"; sourceTree = "<group>"; };
		OBJ_23 /* Signal.swift */ = {isa = PBXFileReference; lastKnownFileType = sourcecode.swift; path = Signal.swift; sourceTree = "<group>"; };
		OBJ_24 /* Subscription.swift */ = {isa = PBXFileReference; lastKnownFileType = sourcecode.swift; path = Subscription.swift; sourceTree = "<group>"; };
		OBJ_25 /* SubscriptionCollector.swift */ = {isa = PBXFileReference; lastKnownFileType = sourcecode.swift; path = SubscriptionCollector.swift; sourceTree = "<group>"; };
		OBJ_26 /* TimedEmitter.swift */ = {isa = PBXFileReference; lastKnownFileType = sourcecode.swift; path = TimedEmitter.swift; sourceTree = "<group>"; };
		OBJ_28 /* Mutex.swift */ = {isa = PBXFileReference; lastKnownFileType = sourcecode.swift; path = Mutex.swift; sourceTree = "<group>"; };
		OBJ_29 /* RecursiveLock.swift */ = {isa = PBXFileReference; lastKnownFileType = sourcecode.swift; path = RecursiveLock.swift; sourceTree = "<group>"; };
		OBJ_31 /* DispatchQueueWorker.swift */ = {isa = PBXFileReference; lastKnownFileType = sourcecode.swift; path = DispatchQueueWorker.swift; sourceTree = "<group>"; };
		OBJ_32 /* ExecutionContext.swift */ = {isa = PBXFileReference; lastKnownFileType = sourcecode.swift; path = ExecutionContext.swift; sourceTree = "<group>"; };
		OBJ_33 /* OperationQueueWorker.swift */ = {isa = PBXFileReference; lastKnownFileType = sourcecode.swift; path = OperationQueueWorker.swift; sourceTree = "<group>"; };
		OBJ_34 /* Worker.swift */ = {isa = PBXFileReference; lastKnownFileType = sourcecode.swift; path = Worker.swift; sourceTree = "<group>"; };
		OBJ_36 /* TestWorker.swift */ = {isa = PBXFileReference; lastKnownFileType = sourcecode.swift; path = TestWorker.swift; sourceTree = "<group>"; };
		OBJ_39 /* LockPerformanceTests.swift */ = {isa = PBXFileReference; lastKnownFileType = sourcecode.swift; path = LockPerformanceTests.swift; sourceTree = "<group>"; };
		OBJ_41 /* FutureZipTests.swift */ = {isa = PBXFileReference; lastKnownFileType = sourcecode.swift; path = FutureZipTests.swift; sourceTree = "<group>"; };
		OBJ_42 /* PromiseAndFutureTests.swift */ = {isa = PBXFileReference; lastKnownFileType = sourcecode.swift; path = PromiseAndFutureTests.swift; sourceTree = "<group>"; };
		OBJ_43 /* RecursiveLockTests.swift */ = {isa = PBXFileReference; lastKnownFileType = sourcecode.swift; path = RecursiveLockTests.swift; sourceTree = "<group>"; };
		OBJ_44 /* SignalTests.swift */ = {isa = PBXFileReference; lastKnownFileType = sourcecode.swift; path = SignalTests.swift; sourceTree = "<group>"; };
		OBJ_46 /* FuturaTests.swift */ = {isa = PBXFileReference; lastKnownFileType = sourcecode.swift; path = FuturaTests.swift; sourceTree = "<group>"; };
		OBJ_47 /* FutureWorkLog.swift */ = {isa = PBXFileReference; lastKnownFileType = sourcecode.swift; path = FutureWorkLog.swift; sourceTree = "<group>"; };
		OBJ_48 /* StreamWorkLog.swift */ = {isa = PBXFileReference; lastKnownFileType = sourcecode.swift; path = StreamWorkLog.swift; sourceTree = "<group>"; };
		OBJ_50 /* WorkerTests.swift */ = {isa = PBXFileReference; lastKnownFileType = sourcecode.swift; path = WorkerTests.swift; sourceTree = "<group>"; };
		OBJ_56 /* Futura.xcworkspace */ = {isa = PBXFileReference; lastKnownFileType = wrapper.workspace; path = Futura.xcworkspace; sourceTree = SOURCE_ROOT; };
		OBJ_57 /* codecov.yml */ = {isa = PBXFileReference; lastKnownFileType = text; path = codecov.yml; sourceTree = "<group>"; };
		OBJ_58 /* LICENSE */ = {isa = PBXFileReference; lastKnownFileType = text; path = LICENSE; sourceTree = "<group>"; };
		OBJ_59 /* README.md */ = {isa = PBXFileReference; lastKnownFileType = net.daringfireball.markdown; path = README.md; sourceTree = "<group>"; };
		OBJ_6 /* Package.swift */ = {isa = PBXFileReference; explicitFileType = sourcecode.swift; path = Package.swift; sourceTree = "<group>"; };
		OBJ_60 /* logo.jpeg */ = {isa = PBXFileReference; lastKnownFileType = image.jpeg; path = logo.jpeg; sourceTree = "<group>"; };
		OBJ_61 /* Futura.podspec */ = {isa = PBXFileReference; lastKnownFileType = text; path = Futura.podspec; sourceTree = "<group>"; };
/* End PBXFileReference section */

/* Begin PBXFrameworksBuildPhase section */
		OBJ_109 /* Frameworks */ = {
			isa = PBXFrameworksBuildPhase;
			buildActionMask = 0;
			files = (
				OBJ_110 /* FuturaTest.framework in Frameworks */,
				OBJ_111 /* Futura.framework in Frameworks */,
			);
			runOnlyForDeploymentPostprocessing = 0;
		};
		OBJ_120 /* Frameworks */ = {
			isa = PBXFrameworksBuildPhase;
			buildActionMask = 0;
			files = (
				OBJ_121 /* Futura.framework in Frameworks */,
			);
			runOnlyForDeploymentPostprocessing = 0;
		};
		OBJ_136 /* Frameworks */ = {
			isa = PBXFrameworksBuildPhase;
			buildActionMask = 0;
			files = (
				OBJ_137 /* FuturaTest.framework in Frameworks */,
				OBJ_138 /* Futura.framework in Frameworks */,
			);
			runOnlyForDeploymentPostprocessing = 0;
		};
		OBJ_89 /* Frameworks */ = {
			isa = PBXFrameworksBuildPhase;
			buildActionMask = 0;
			files = (
			);
			runOnlyForDeploymentPostprocessing = 0;
		};
/* End PBXFrameworksBuildPhase section */

/* Begin PBXGroup section */
		4224E6EA2265B92000815E20 /* Future */ = {
			isa = PBXGroup;
			children = (
				OBJ_42 /* PromiseAndFutureTests.swift */,
				OBJ_41 /* FutureZipTests.swift */,
			);
			path = Future;
			sourceTree = "<group>";
		};
		4224E6EB2265B92A00815E20 /* Signal */ = {
			isa = PBXGroup;
			children = (
				OBJ_44 /* SignalTests.swift */,
				42C675CC23E222ED0075B645 /* EmittingPropertyTests.swift */,
			);
			path = Signal;
			sourceTree = "<group>";
		};
		4224E6EC2265B93100815E20 /* Synchrnization */ = {
			isa = PBXGroup;
			children = (
				422DF99823E1D6370091957D /* LockTests.swift */,
				OBJ_43 /* RecursiveLockTests.swift */,
				422DF99323E1D0C20091957D /* SynchronizedPropertyTests.swift */,
			);
			path = Synchrnization;
			sourceTree = "<group>";
		};
		4224E6ED2265B93B00815E20 /* Worker */ = {
			isa = PBXGroup;
			children = (
				OBJ_50 /* WorkerTests.swift */,
			);
			path = Worker;
			sourceTree = "<group>";
		};
		4224E6EE2265BCB400815E20 /* Atomic */ = {
			isa = PBXGroup;
			children = (
				4224E6E42264C85300815E20 /* AtomicFlag.swift */,
			);
			path = Atomic;
			sourceTree = "<group>";
		};
		4224E6EF2265BE1800815E20 /* Atomic */ = {
			isa = PBXGroup;
			children = (
				4224E6F02265BE5400815E20 /* AtomicFlagTests.swift */,
			);
			path = Atomic;
			sourceTree = "<group>";
		};
		42C32F7C2266067800C806A4 /* Debug */ = {
			isa = PBXGroup;
			children = (
				42C32F7F2266069400C806A4 /* FuturaDebug.swift */,
				42C32F7D2266068400C806A4 /* DebugMode.swift */,
			);
			path = Debug;
			sourceTree = "<group>";
		};
		OBJ_12 /* Signal */ = {
			isa = PBXGroup;
			children = (
				OBJ_13 /* Emitter.swift */,
				429F673D23E82F6300364D6C /* Receiver.swift */,
				OBJ_23 /* Signal.swift */,
				42C32F8322660FA700C806A4 /* Signal+Handlers.swift */,
				OBJ_14 /* Signal+Catch.swift */,
				OBJ_15 /* Signal+Filter.swift */,
				426A7B7123E8247F008C6A23 /* Signal+Buffer.swift */,
				OBJ_16 /* Signal+FlatMap.swift */,
				OBJ_17 /* Signal+FlatMapLatest.swift */,
				OBJ_18 /* Signal+Forward.swift */,
				OBJ_19 /* Signal+FutureFlatMap.swift */,
				OBJ_20 /* Signal+Map.swift */,
				OBJ_21 /* Signal+Merge.swift */,
				OBJ_22 /* Signal+Switch.swift */,
				42C32F812266075D00C806A4 /* Signal+Debug.swift */,
				OBJ_24 /* Subscription.swift */,
				OBJ_25 /* SubscriptionCollector.swift */,
				OBJ_26 /* TimedEmitter.swift */,
				42C675CA23E221000075B645 /* Emitting.swift */,
			);
			path = Signal;
			sourceTree = "<group>";
		};
		OBJ_27 /* Synchronization */ = {
			isa = PBXGroup;
			children = (
				OBJ_28 /* Mutex.swift */,
				422DF99623E1D5D80091957D /* Lock.swift */,
				OBJ_29 /* RecursiveLock.swift */,
				422DF99123E1CF110091957D /* Synchronized.swift */,
			);
			path = Synchronization;
			sourceTree = "<group>";
		};
		OBJ_30 /* Worker */ = {
			isa = PBXGroup;
			children = (
				OBJ_31 /* DispatchQueueWorker.swift */,
				OBJ_32 /* ExecutionContext.swift */,
				OBJ_33 /* OperationQueueWorker.swift */,
				OBJ_34 /* Worker.swift */,
			);
			path = Worker;
			sourceTree = "<group>";
		};
		OBJ_35 /* FuturaTest */ = {
			isa = PBXGroup;
			children = (
				OBJ_36 /* TestWorker.swift */,
				4224E6E22264C1E800815E20 /* TestExpectation.swift */,
				4224E6E02264A90700815E20 /* Future+Expectation.swift */,
				4224E6E82265B8BE00815E20 /* Signal+Expectation.swift */,
				4224E6F22265E7A200815E20 /* XCTestCase+Async.swift */,
			);
			name = FuturaTest;
			path = Sources/FuturaTest;
			sourceTree = SOURCE_ROOT;
		};
		OBJ_37 /* Tests */ = {
			isa = PBXGroup;
			children = (
				OBJ_38 /* FuturaPerformanceTests */,
				OBJ_40 /* FuturaTests */,
			);
			name = Tests;
			sourceTree = SOURCE_ROOT;
		};
		OBJ_38 /* FuturaPerformanceTests */ = {
			isa = PBXGroup;
			children = (
				OBJ_39 /* LockPerformanceTests.swift */,
				4251536C23E1FED400A112E0 /* RecursiveLockPerformanceTests.swift */,
			);
			name = FuturaPerformanceTests;
			path = Tests/FuturaPerformanceTests;
			sourceTree = SOURCE_ROOT;
		};
		OBJ_40 /* FuturaTests */ = {
			isa = PBXGroup;
			children = (
				4224E6EF2265BE1800815E20 /* Atomic */,
				4224E6ED2265B93B00815E20 /* Worker */,
				4224E6EC2265B93100815E20 /* Synchrnization */,
				4224E6EB2265B92A00815E20 /* Signal */,
				4224E6EA2265B92000815E20 /* Future */,
				OBJ_45 /* Support */,
			);
			name = FuturaTests;
			path = Tests/FuturaTests;
			sourceTree = SOURCE_ROOT;
		};
		OBJ_45 /* Support */ = {
			isa = PBXGroup;
			children = (
				OBJ_46 /* FuturaTests.swift */,
				OBJ_47 /* FutureWorkLog.swift */,
				OBJ_48 /* StreamWorkLog.swift */,
			);
			path = Support;
			sourceTree = "<group>";
		};
		OBJ_5 = {
			isa = PBXGroup;
			children = (
				OBJ_6 /* Package.swift */,
				OBJ_7 /* Sources */,
				OBJ_37 /* Tests */,
				OBJ_51 /* Products */,
				OBJ_56 /* Futura.xcworkspace */,
				OBJ_57 /* codecov.yml */,
				OBJ_58 /* LICENSE */,
				OBJ_59 /* README.md */,
				OBJ_60 /* logo.jpeg */,
				OBJ_61 /* Futura.podspec */,
			);
			sourceTree = "<group>";
		};
		OBJ_51 /* Products */ = {
			isa = PBXGroup;
			children = (
				"Futura::FuturaTests::Product" /* FuturaTests.xctest */,
				"Futura::FuturaPerformanceTests::Product" /* FuturaPerformanceTests.xctest */,
				"Futura::FuturaTest::Product" /* FuturaTest.framework */,
				"Futura::Futura::Product" /* Futura.framework */,
			);
			name = Products;
			sourceTree = BUILT_PRODUCTS_DIR;
		};
		OBJ_7 /* Sources */ = {
			isa = PBXGroup;
			children = (
				OBJ_8 /* Futura */,
				OBJ_35 /* FuturaTest */,
			);
			name = Sources;
			sourceTree = SOURCE_ROOT;
		};
		OBJ_8 /* Futura */ = {
			isa = PBXGroup;
			children = (
				42C32F7C2266067800C806A4 /* Debug */,
				4224E6EE2265BCB400815E20 /* Atomic */,
				OBJ_27 /* Synchronization */,
				OBJ_30 /* Worker */,
				OBJ_9 /* Future */,
				OBJ_12 /* Signal */,
			);
			name = Futura;
			path = Sources/Futura;
			sourceTree = SOURCE_ROOT;
		};
		OBJ_9 /* Future */ = {
			isa = PBXGroup;
			children = (
				OBJ_11 /* Promise.swift */,
				OBJ_10 /* Future.swift */,
				42C32F74226603D300C806A4 /* Future+Handlers.swift */,
				42C32F76226603F200C806A4 /* Future+Transformations.swift */,
				42C32F782266040000C806A4 /* Future+Zip.swift */,
				42C32F7A2266040C00C806A4 /* Future+Debug.swift */,
			);
			path = Future;
			sourceTree = "<group>";
		};
/* End PBXGroup section */

/* Begin PBXNativeTarget section */
		"Futura::Futura" /* Futura */ = {
			isa = PBXNativeTarget;
			buildConfigurationList = OBJ_63 /* Build configuration list for PBXNativeTarget "Futura" */;
			buildPhases = (
				OBJ_66 /* Sources */,
				OBJ_89 /* Frameworks */,
			);
			buildRules = (
			);
			dependencies = (
			);
			name = Futura;
			productName = Futura;
			productReference = "Futura::Futura::Product" /* Futura.framework */;
			productType = "com.apple.product-type.framework";
		};
		"Futura::FuturaPerformanceTests" /* FuturaPerformanceTests */ = {
			isa = PBXNativeTarget;
			buildConfigurationList = OBJ_104 /* Build configuration list for PBXNativeTarget "FuturaPerformanceTests" */;
			buildPhases = (
				OBJ_107 /* Sources */,
				OBJ_109 /* Frameworks */,
			);
			buildRules = (
			);
			dependencies = (
				OBJ_112 /* PBXTargetDependency */,
				OBJ_114 /* PBXTargetDependency */,
			);
			name = FuturaPerformanceTests;
			productName = FuturaPerformanceTests;
			productReference = "Futura::FuturaPerformanceTests::Product" /* FuturaPerformanceTests.xctest */;
			productType = "com.apple.product-type.bundle.unit-test";
		};
		"Futura::FuturaTest" /* FuturaTest */ = {
			isa = PBXNativeTarget;
			buildConfigurationList = OBJ_115 /* Build configuration list for PBXNativeTarget "FuturaTest" */;
			buildPhases = (
				OBJ_118 /* Sources */,
				OBJ_120 /* Frameworks */,
			);
			buildRules = (
			);
			dependencies = (
				OBJ_122 /* PBXTargetDependency */,
			);
			name = FuturaTest;
			productName = FuturaTest;
			productReference = "Futura::FuturaTest::Product" /* FuturaTest.framework */;
			productType = "com.apple.product-type.framework";
		};
		"Futura::FuturaTests" /* FuturaTests */ = {
			isa = PBXNativeTarget;
			buildConfigurationList = OBJ_123 /* Build configuration list for PBXNativeTarget "FuturaTests" */;
			buildPhases = (
				OBJ_126 /* Sources */,
				OBJ_136 /* Frameworks */,
			);
			buildRules = (
			);
			dependencies = (
				OBJ_139 /* PBXTargetDependency */,
				OBJ_140 /* PBXTargetDependency */,
			);
			name = FuturaTests;
			productName = FuturaTests;
			productReference = "Futura::FuturaTests::Product" /* FuturaTests.xctest */;
			productType = "com.apple.product-type.bundle.unit-test";
		};
		"Futura::SwiftPMPackageDescription" /* FuturaPackageDescription */ = {
			isa = PBXNativeTarget;
			buildConfigurationList = OBJ_91 /* Build configuration list for PBXNativeTarget "FuturaPackageDescription" */;
			buildPhases = (
				OBJ_94 /* Sources */,
			);
			buildRules = (
			);
			dependencies = (
			);
			name = FuturaPackageDescription;
			productName = FuturaPackageDescription;
			productType = "com.apple.product-type.framework";
		};
/* End PBXNativeTarget section */

/* Begin PBXProject section */
		OBJ_1 /* Project object */ = {
			isa = PBXProject;
			attributes = {
				LastSwiftMigration = 9999;
				LastUpgradeCheck = 9999;
			};
			buildConfigurationList = OBJ_2 /* Build configuration list for PBXProject "Futura" */;
			compatibilityVersion = "Xcode 3.2";
			developmentRegion = English;
			hasScannedForEncodings = 0;
			knownRegions = (
				English,
				en,
			);
			mainGroup = OBJ_5;
			productRefGroup = OBJ_51 /* Products */;
			projectDirPath = "";
			projectRoot = "";
			targets = (
				"Futura::Futura" /* Futura */,
				"Futura::FuturaTest" /* FuturaTest */,
				"Futura::SwiftPMPackageDescription" /* FuturaPackageDescription */,
				"Futura::FuturaPerformanceTests" /* FuturaPerformanceTests */,
				"Futura::FuturaTests" /* FuturaTests */,
			);
		};
/* End PBXProject section */

/* Begin PBXSourcesBuildPhase section */
		OBJ_107 /* Sources */ = {
			isa = PBXSourcesBuildPhase;
			buildActionMask = 0;
			files = (
				4251536D23E1FED400A112E0 /* RecursiveLockPerformanceTests.swift in Sources */,
				4251536F23E1FF4800A112E0 /* LockPerformanceTests.swift in Sources */,
			);
			runOnlyForDeploymentPostprocessing = 0;
		};
		OBJ_118 /* Sources */ = {
			isa = PBXSourcesBuildPhase;
			buildActionMask = 0;
			files = (
				4224E6E92265B8BE00815E20 /* Signal+Expectation.swift in Sources */,
				4224E6E12264A90700815E20 /* Future+Expectation.swift in Sources */,
				4224E6E32264C1E800815E20 /* TestExpectation.swift in Sources */,
				4224E6F32265E7A200815E20 /* XCTestCase+Async.swift in Sources */,
				OBJ_119 /* TestWorker.swift in Sources */,
			);
			runOnlyForDeploymentPostprocessing = 0;
		};
		OBJ_126 /* Sources */ = {
			isa = PBXSourcesBuildPhase;
			buildActionMask = 0;
			files = (
				422DF99923E1D6370091957D /* LockTests.swift in Sources */,
				OBJ_127 /* FutureZipTests.swift in Sources */,
				OBJ_128 /* PromiseAndFutureTests.swift in Sources */,
				OBJ_129 /* RecursiveLockTests.swift in Sources */,
				OBJ_130 /* SignalTests.swift in Sources */,
				OBJ_131 /* FuturaTests.swift in Sources */,
				4251536E23E1FF3500A112E0 /* AtomicFlagTests.swift in Sources */,
				42C675CD23E222ED0075B645 /* EmittingPropertyTests.swift in Sources */,
				OBJ_132 /* FutureWorkLog.swift in Sources */,
				OBJ_133 /* StreamWorkLog.swift in Sources */,
				422DF99523E1D0E10091957D /* SynchronizedPropertyTests.swift in Sources */,
				OBJ_135 /* WorkerTests.swift in Sources */,
			);
			runOnlyForDeploymentPostprocessing = 0;
		};
		OBJ_66 /* Sources */ = {
			isa = PBXSourcesBuildPhase;
			buildActionMask = 0;
			files = (
				OBJ_67 /* Future.swift in Sources */,
				426A7B7223E8247F008C6A23 /* Signal+Buffer.swift in Sources */,
				OBJ_68 /* Promise.swift in Sources */,
				42C32F75226603D300C806A4 /* Future+Handlers.swift in Sources */,
				OBJ_69 /* Emitter.swift in Sources */,
				42C675CB23E221000075B645 /* Emitting.swift in Sources */,
				42C32F8422660FA700C806A4 /* Signal+Handlers.swift in Sources */,
				OBJ_70 /* Signal+Catch.swift in Sources */,
				OBJ_71 /* Signal+Filter.swift in Sources */,
				OBJ_72 /* Signal+FlatMap.swift in Sources */,
				OBJ_73 /* Signal+FlatMapLatest.swift in Sources */,
				OBJ_74 /* Signal+Forward.swift in Sources */,
				42C32F822266075D00C806A4 /* Signal+Debug.swift in Sources */,
				4251537023E1FFD200A112E0 /* AtomicFlag.swift in Sources */,
				OBJ_75 /* Signal+FutureFlatMap.swift in Sources */,
				OBJ_76 /* Signal+Map.swift in Sources */,
				OBJ_77 /* Signal+Merge.swift in Sources */,
				422DF99723E1D5D80091957D /* Lock.swift in Sources */,
				OBJ_78 /* Signal+Switch.swift in Sources */,
				OBJ_79 /* Signal.swift in Sources */,
				42C32F802266069400C806A4 /* FuturaDebug.swift in Sources */,
				42C32F7B2266040C00C806A4 /* Future+Debug.swift in Sources */,
				OBJ_80 /* Subscription.swift in Sources */,
				429F673E23E82F6300364D6C /* Receiver.swift in Sources */,
				42C32F77226603F200C806A4 /* Future+Transformations.swift in Sources */,
				OBJ_81 /* SubscriptionCollector.swift in Sources */,
				OBJ_82 /* TimedEmitter.swift in Sources */,
				OBJ_83 /* Mutex.swift in Sources */,
				OBJ_84 /* RecursiveLock.swift in Sources */,
				OBJ_85 /* DispatchQueueWorker.swift in Sources */,
				42C32F792266040000C806A4 /* Future+Zip.swift in Sources */,
				422DF99223E1CF110091957D /* Synchronized.swift in Sources */,
				OBJ_86 /* ExecutionContext.swift in Sources */,
				OBJ_87 /* OperationQueueWorker.swift in Sources */,
				42C32F7E2266068400C806A4 /* DebugMode.swift in Sources */,
				OBJ_88 /* Worker.swift in Sources */,
			);
			runOnlyForDeploymentPostprocessing = 0;
		};
		OBJ_94 /* Sources */ = {
			isa = PBXSourcesBuildPhase;
			buildActionMask = 0;
			files = (
				OBJ_95 /* Package.swift in Sources */,
			);
			runOnlyForDeploymentPostprocessing = 0;
		};
/* End PBXSourcesBuildPhase section */

/* Begin PBXTargetDependency section */
		OBJ_112 /* PBXTargetDependency */ = {
			isa = PBXTargetDependency;
			target = "Futura::FuturaTest" /* FuturaTest */;
			targetProxy = 4224E6DC22649E9A00815E20 /* PBXContainerItemProxy */;
		};
		OBJ_114 /* PBXTargetDependency */ = {
			isa = PBXTargetDependency;
			target = "Futura::Futura" /* Futura */;
			targetProxy = 4224E6DD22649E9A00815E20 /* PBXContainerItemProxy */;
		};
		OBJ_122 /* PBXTargetDependency */ = {
			isa = PBXTargetDependency;
			target = "Futura::Futura" /* Futura */;
			targetProxy = 4224E6D922649E9900815E20 /* PBXContainerItemProxy */;
		};
		OBJ_139 /* PBXTargetDependency */ = {
			isa = PBXTargetDependency;
			target = "Futura::FuturaTest" /* FuturaTest */;
			targetProxy = 4224E6DA22649E9900815E20 /* PBXContainerItemProxy */;
		};
		OBJ_140 /* PBXTargetDependency */ = {
			isa = PBXTargetDependency;
			target = "Futura::Futura" /* Futura */;
			targetProxy = 4224E6DB22649E9900815E20 /* PBXContainerItemProxy */;
		};
/* End PBXTargetDependency section */

/* Begin XCBuildConfiguration section */
		OBJ_105 /* Debug */ = {
			isa = XCBuildConfiguration;
			buildSettings = {
				CLANG_ENABLE_MODULES = YES;
				EMBEDDED_CONTENT_CONTAINS_SWIFT = YES;
				FRAMEWORK_SEARCH_PATHS = (
					"$(inherited)",
					"$(PLATFORM_DIR)/Developer/Library/Frameworks",
				);
				HEADER_SEARCH_PATHS = "$(inherited)";
				INFOPLIST_FILE = Futura.xcodeproj/FuturaPerformanceTests_Info.plist;
				IPHONEOS_DEPLOYMENT_TARGET = 10.0;
				LD_RUNPATH_SEARCH_PATHS = "$(inherited) @loader_path/../Frameworks @loader_path/Frameworks";
				MACOSX_DEPLOYMENT_TARGET = 10.12;
				OTHER_CFLAGS = "$(inherited)";
				OTHER_LDFLAGS = "$(inherited)";
				OTHER_SWIFT_FLAGS = "$(inherited)";
				SWIFT_ACTIVE_COMPILATION_CONDITIONS = "$(inherited)";
				SWIFT_VERSION = 5.0;
				TARGET_NAME = FuturaPerformanceTests;
				TVOS_DEPLOYMENT_TARGET = 10.0;
				WATCHOS_DEPLOYMENT_TARGET = 4.0;
			};
			name = Debug;
		};
		OBJ_106 /* Release */ = {
			isa = XCBuildConfiguration;
			buildSettings = {
				CLANG_ENABLE_MODULES = YES;
				EMBEDDED_CONTENT_CONTAINS_SWIFT = YES;
				FRAMEWORK_SEARCH_PATHS = (
					"$(inherited)",
					"$(PLATFORM_DIR)/Developer/Library/Frameworks",
				);
				HEADER_SEARCH_PATHS = "$(inherited)";
				INFOPLIST_FILE = Futura.xcodeproj/FuturaPerformanceTests_Info.plist;
				IPHONEOS_DEPLOYMENT_TARGET = 10.0;
				LD_RUNPATH_SEARCH_PATHS = "$(inherited) @loader_path/../Frameworks @loader_path/Frameworks";
				MACOSX_DEPLOYMENT_TARGET = 10.12;
				OTHER_CFLAGS = "$(inherited)";
				OTHER_LDFLAGS = "$(inherited)";
				OTHER_SWIFT_FLAGS = "$(inherited)";
				SWIFT_ACTIVE_COMPILATION_CONDITIONS = "$(inherited)";
				SWIFT_VERSION = 5.0;
				TARGET_NAME = FuturaPerformanceTests;
				TVOS_DEPLOYMENT_TARGET = 10.0;
				WATCHOS_DEPLOYMENT_TARGET = 4.0;
			};
			name = Release;
		};
		OBJ_116 /* Debug */ = {
			isa = XCBuildConfiguration;
			buildSettings = {
				ENABLE_TESTABILITY = YES;
				FRAMEWORK_SEARCH_PATHS = (
					"$(inherited)",
					"$(PLATFORM_DIR)/Developer/Library/Frameworks",
				);
				HEADER_SEARCH_PATHS = "$(inherited)";
				INFOPLIST_FILE = Futura.xcodeproj/FuturaTest_Info.plist;
				IPHONEOS_DEPLOYMENT_TARGET = 10.0;
				LD_RUNPATH_SEARCH_PATHS = "$(inherited) $(TOOLCHAIN_DIR)/usr/lib/swift/macosx";
				MACOSX_DEPLOYMENT_TARGET = 10.12;
				OTHER_CFLAGS = "$(inherited)";
				OTHER_LDFLAGS = "$(inherited)";
				OTHER_SWIFT_FLAGS = "$(inherited)";
				PRODUCT_BUNDLE_IDENTIFIER = FuturaTest;
				PRODUCT_MODULE_NAME = "$(TARGET_NAME:c99extidentifier)";
				PRODUCT_NAME = "$(TARGET_NAME:c99extidentifier)";
				SDKROOT = "";
				SKIP_INSTALL = YES;
				SWIFT_ACTIVE_COMPILATION_CONDITIONS = "$(inherited)";
				SWIFT_VERSION = 5.0;
				TARGET_NAME = FuturaTest;
				TVOS_DEPLOYMENT_TARGET = 10.0;
				WATCHOS_DEPLOYMENT_TARGET = 4.0;
			};
			name = Debug;
		};
		OBJ_117 /* Release */ = {
			isa = XCBuildConfiguration;
			buildSettings = {
				ENABLE_TESTABILITY = YES;
				FRAMEWORK_SEARCH_PATHS = (
					"$(inherited)",
					"$(PLATFORM_DIR)/Developer/Library/Frameworks",
				);
				HEADER_SEARCH_PATHS = "$(inherited)";
				INFOPLIST_FILE = Futura.xcodeproj/FuturaTest_Info.plist;
				IPHONEOS_DEPLOYMENT_TARGET = 10.0;
				LD_RUNPATH_SEARCH_PATHS = "$(inherited) $(TOOLCHAIN_DIR)/usr/lib/swift/macosx";
				MACOSX_DEPLOYMENT_TARGET = 10.12;
				OTHER_CFLAGS = "$(inherited)";
				OTHER_LDFLAGS = "$(inherited)";
				OTHER_SWIFT_FLAGS = "$(inherited)";
				PRODUCT_BUNDLE_IDENTIFIER = FuturaTest;
				PRODUCT_MODULE_NAME = "$(TARGET_NAME:c99extidentifier)";
				PRODUCT_NAME = "$(TARGET_NAME:c99extidentifier)";
				SDKROOT = "";
				SKIP_INSTALL = YES;
				SWIFT_ACTIVE_COMPILATION_CONDITIONS = "$(inherited)";
				SWIFT_VERSION = 5.0;
				TARGET_NAME = FuturaTest;
				TVOS_DEPLOYMENT_TARGET = 10.0;
				WATCHOS_DEPLOYMENT_TARGET = 4.0;
			};
			name = Release;
		};
		OBJ_124 /* Debug */ = {
			isa = XCBuildConfiguration;
			buildSettings = {
				CLANG_ENABLE_MODULES = YES;
				EMBEDDED_CONTENT_CONTAINS_SWIFT = YES;
				FRAMEWORK_SEARCH_PATHS = (
					"$(inherited)",
					"$(PLATFORM_DIR)/Developer/Library/Frameworks",
				);
				HEADER_SEARCH_PATHS = "$(inherited)";
				INFOPLIST_FILE = Futura.xcodeproj/FuturaTests_Info.plist;
				IPHONEOS_DEPLOYMENT_TARGET = 10.0;
				LD_RUNPATH_SEARCH_PATHS = "$(inherited) @loader_path/../Frameworks @loader_path/Frameworks";
				MACOSX_DEPLOYMENT_TARGET = 10.12;
				OTHER_CFLAGS = "$(inherited)";
				OTHER_LDFLAGS = "$(inherited)";
				OTHER_SWIFT_FLAGS = "$(inherited)";
				SWIFT_ACTIVE_COMPILATION_CONDITIONS = "$(inherited)";
				SWIFT_VERSION = 5.0;
				TARGET_NAME = FuturaTests;
				TVOS_DEPLOYMENT_TARGET = 10.0;
				WATCHOS_DEPLOYMENT_TARGET = 4.0;
			};
			name = Debug;
		};
		OBJ_125 /* Release */ = {
			isa = XCBuildConfiguration;
			buildSettings = {
				CLANG_ENABLE_MODULES = YES;
				EMBEDDED_CONTENT_CONTAINS_SWIFT = YES;
				FRAMEWORK_SEARCH_PATHS = (
					"$(inherited)",
					"$(PLATFORM_DIR)/Developer/Library/Frameworks",
				);
				HEADER_SEARCH_PATHS = "$(inherited)";
				INFOPLIST_FILE = Futura.xcodeproj/FuturaTests_Info.plist;
				IPHONEOS_DEPLOYMENT_TARGET = 10.0;
				LD_RUNPATH_SEARCH_PATHS = "$(inherited) @loader_path/../Frameworks @loader_path/Frameworks";
				MACOSX_DEPLOYMENT_TARGET = 10.12;
				OTHER_CFLAGS = "$(inherited)";
				OTHER_LDFLAGS = "$(inherited)";
				OTHER_SWIFT_FLAGS = "$(inherited)";
				SWIFT_ACTIVE_COMPILATION_CONDITIONS = "$(inherited)";
				SWIFT_VERSION = 5.0;
				TARGET_NAME = FuturaTests;
				TVOS_DEPLOYMENT_TARGET = 10.0;
				WATCHOS_DEPLOYMENT_TARGET = 4.0;
			};
			name = Release;
		};
		OBJ_3 /* Debug */ = {
			isa = XCBuildConfiguration;
			buildSettings = {
				CLANG_ENABLE_OBJC_ARC = YES;
				COMBINE_HIDPI_IMAGES = YES;
				COPY_PHASE_STRIP = NO;
				DEBUG_INFORMATION_FORMAT = dwarf;
				DYLIB_INSTALL_NAME_BASE = "@rpath";
				ENABLE_NS_ASSERTIONS = YES;
				GCC_OPTIMIZATION_LEVEL = 0;
				GCC_PREPROCESSOR_DEFINITIONS = (
					"$(inherited)",
					"SWIFT_PACKAGE=1",
					"DEBUG=1",
				);
				MACOSX_DEPLOYMENT_TARGET = 10.12;
				ONLY_ACTIVE_ARCH = YES;
				OTHER_SWIFT_FLAGS = "-DXcode";
				PRODUCT_NAME = "$(TARGET_NAME)";
				SDKROOT = "";
				SUPPORTED_PLATFORMS = "macosx iphoneos iphonesimulator appletvos appletvsimulator watchos watchsimulator";
				SWIFT_ACTIVE_COMPILATION_CONDITIONS = "$(inherited) SWIFT_PACKAGE DEBUG FUTURA_DEBUG";
				SWIFT_OPTIMIZATION_LEVEL = "-Onone";
				USE_HEADERMAP = NO;
				VALID_ARCHS = "$(VALID_ARCHS)";
			};
			name = Debug;
		};
		OBJ_4 /* Release */ = {
			isa = XCBuildConfiguration;
			buildSettings = {
				CLANG_ENABLE_OBJC_ARC = YES;
				COMBINE_HIDPI_IMAGES = YES;
				COPY_PHASE_STRIP = YES;
				DEBUG_INFORMATION_FORMAT = "dwarf-with-dsym";
				DYLIB_INSTALL_NAME_BASE = "@rpath";
				GCC_OPTIMIZATION_LEVEL = s;
				GCC_PREPROCESSOR_DEFINITIONS = (
					"$(inherited)",
					"SWIFT_PACKAGE=1",
				);
				MACOSX_DEPLOYMENT_TARGET = 10.12;
				OTHER_SWIFT_FLAGS = "-DXcode";
				PRODUCT_NAME = "$(TARGET_NAME)";
				SDKROOT = "";
				SUPPORTED_PLATFORMS = "macosx iphoneos iphonesimulator appletvos appletvsimulator watchos watchsimulator";
				SWIFT_ACTIVE_COMPILATION_CONDITIONS = "$(inherited) SWIFT_PACKAGE";
				SWIFT_OPTIMIZATION_LEVEL = "-Owholemodule";
				USE_HEADERMAP = NO;
				VALID_ARCHS = "$(VALID_ARCHS)";
			};
			name = Release;
		};
		OBJ_64 /* Debug */ = {
			isa = XCBuildConfiguration;
			buildSettings = {
				CURRENT_PROJECT_VERSION = 1;
				ENABLE_TESTABILITY = YES;
				FRAMEWORK_SEARCH_PATHS = (
					"$(inherited)",
					"$(PLATFORM_DIR)/Developer/Library/Frameworks",
				);
				HEADER_SEARCH_PATHS = "$(inherited)";
				INFOPLIST_FILE = Futura.xcodeproj/Futura_Info.plist;
				IPHONEOS_DEPLOYMENT_TARGET = 10.0;
				LD_RUNPATH_SEARCH_PATHS = "$(inherited) $(TOOLCHAIN_DIR)/usr/lib/swift/macosx";
				MACOSX_DEPLOYMENT_TARGET = 10.12;
				MARKETING_VERSION = 2.3.0;
				OTHER_CFLAGS = "$(inherited)";
				OTHER_LDFLAGS = "$(inherited)";
				OTHER_SWIFT_FLAGS = "$(inherited)";
				PRODUCT_BUNDLE_IDENTIFIER = Futura;
				PRODUCT_MODULE_NAME = "$(TARGET_NAME:c99extidentifier)";
				PRODUCT_NAME = "$(TARGET_NAME:c99extidentifier)";
				SDKROOT = "";
				SKIP_INSTALL = YES;
				SWIFT_ACTIVE_COMPILATION_CONDITIONS = "$(inherited)";
				SWIFT_VERSION = 5.0;
				TARGET_NAME = Futura;
				TVOS_DEPLOYMENT_TARGET = 10.0;
				WATCHOS_DEPLOYMENT_TARGET = 4.0;
			};
			name = Debug;
		};
		OBJ_65 /* Release */ = {
			isa = XCBuildConfiguration;
			buildSettings = {
				CURRENT_PROJECT_VERSION = 1;
				ENABLE_TESTABILITY = YES;
				FRAMEWORK_SEARCH_PATHS = (
					"$(inherited)",
					"$(PLATFORM_DIR)/Developer/Library/Frameworks",
				);
				HEADER_SEARCH_PATHS = "$(inherited)";
				INFOPLIST_FILE = Futura.xcodeproj/Futura_Info.plist;
				IPHONEOS_DEPLOYMENT_TARGET = 10.0;
				LD_RUNPATH_SEARCH_PATHS = "$(inherited) $(TOOLCHAIN_DIR)/usr/lib/swift/macosx";
				MACOSX_DEPLOYMENT_TARGET = 10.12;
				MARKETING_VERSION = 2.3.0;
				OTHER_CFLAGS = "$(inherited)";
				OTHER_LDFLAGS = "$(inherited)";
				OTHER_SWIFT_FLAGS = "$(inherited)";
				PRODUCT_BUNDLE_IDENTIFIER = Futura;
				PRODUCT_MODULE_NAME = "$(TARGET_NAME:c99extidentifier)";
				PRODUCT_NAME = "$(TARGET_NAME:c99extidentifier)";
				SDKROOT = "";
				SKIP_INSTALL = YES;
				SWIFT_ACTIVE_COMPILATION_CONDITIONS = "$(inherited)";
				SWIFT_VERSION = 5.0;
				TARGET_NAME = Futura;
				TVOS_DEPLOYMENT_TARGET = 10.0;
				WATCHOS_DEPLOYMENT_TARGET = 4.0;
			};
			name = Release;
		};
		OBJ_92 /* Debug */ = {
			isa = XCBuildConfiguration;
			buildSettings = {
				LD = /usr/bin/true;
				MACOSX_DEPLOYMENT_TARGET = 10.12;
				OTHER_SWIFT_FLAGS = "-swift-version 5 -I $(TOOLCHAIN_DIR)/usr/lib/swift/pm/4_2 -target x86_64-apple-macosx10.10 -sdk /Applications/Xcode.app/Contents/Developer/Platforms/MacOSX.platform/Developer/SDKs/MacOSX10.14.sdk";
				SWIFT_VERSION = 5.0;
			};
			name = Debug;
		};
		OBJ_93 /* Release */ = {
			isa = XCBuildConfiguration;
			buildSettings = {
				LD = /usr/bin/true;
				MACOSX_DEPLOYMENT_TARGET = 10.12;
				OTHER_SWIFT_FLAGS = "-swift-version 5 -I $(TOOLCHAIN_DIR)/usr/lib/swift/pm/4_2 -target x86_64-apple-macosx10.10 -sdk /Applications/Xcode.app/Contents/Developer/Platforms/MacOSX.platform/Developer/SDKs/MacOSX10.14.sdk";
				SWIFT_VERSION = 5.0;
			};
			name = Release;
		};
/* End XCBuildConfiguration section */

/* Begin XCConfigurationList section */
		OBJ_104 /* Build configuration list for PBXNativeTarget "FuturaPerformanceTests" */ = {
			isa = XCConfigurationList;
			buildConfigurations = (
				OBJ_105 /* Debug */,
				OBJ_106 /* Release */,
			);
			defaultConfigurationIsVisible = 0;
			defaultConfigurationName = Release;
		};
		OBJ_115 /* Build configuration list for PBXNativeTarget "FuturaTest" */ = {
			isa = XCConfigurationList;
			buildConfigurations = (
				OBJ_116 /* Debug */,
				OBJ_117 /* Release */,
			);
			defaultConfigurationIsVisible = 0;
			defaultConfigurationName = Release;
		};
		OBJ_123 /* Build configuration list for PBXNativeTarget "FuturaTests" */ = {
			isa = XCConfigurationList;
			buildConfigurations = (
				OBJ_124 /* Debug */,
				OBJ_125 /* Release */,
			);
			defaultConfigurationIsVisible = 0;
			defaultConfigurationName = Release;
		};
		OBJ_2 /* Build configuration list for PBXProject "Futura" */ = {
			isa = XCConfigurationList;
			buildConfigurations = (
				OBJ_3 /* Debug */,
				OBJ_4 /* Release */,
			);
			defaultConfigurationIsVisible = 0;
			defaultConfigurationName = Release;
		};
		OBJ_63 /* Build configuration list for PBXNativeTarget "Futura" */ = {
			isa = XCConfigurationList;
			buildConfigurations = (
				OBJ_64 /* Debug */,
				OBJ_65 /* Release */,
			);
			defaultConfigurationIsVisible = 0;
			defaultConfigurationName = Release;
		};
		OBJ_91 /* Build configuration list for PBXNativeTarget "FuturaPackageDescription" */ = {
			isa = XCConfigurationList;
			buildConfigurations = (
				OBJ_92 /* Debug */,
				OBJ_93 /* Release */,
			);
			defaultConfigurationIsVisible = 0;
			defaultConfigurationName = Release;
		};
/* End XCConfigurationList section */
	};
	rootObject = OBJ_1 /* Project object */;
}
